// !$*UTF8*$!
{
	archiveVersion = 1;
	classes = {
	};
	objectVersion = 56;
	objects = {

/* Begin PBXBuildFile section */
		16132ED42974187A00DE3B01 /* GoogleService-Info.plist in Resources */ = {isa = PBXBuildFile; fileRef = 16132ED32974187A00DE3B01 /* GoogleService-Info.plist */; };
		16EB01BD2970F5E60011E1DD /* AppDelegate.swift in Sources */ = {isa = PBXBuildFile; fileRef = 16EB01BC2970F5E60011E1DD /* AppDelegate.swift */; };
		16EB01BF2970F5E60011E1DD /* SceneDelegate.swift in Sources */ = {isa = PBXBuildFile; fileRef = 16EB01BE2970F5E60011E1DD /* SceneDelegate.swift */; };
		16EB01C12970F5E60011E1DD /* ConversationsViewController.swift in Sources */ = {isa = PBXBuildFile; fileRef = 16EB01C02970F5E60011E1DD /* ConversationsViewController.swift */; };
		16EB01C42970F5E60011E1DD /* Main.storyboard in Resources */ = {isa = PBXBuildFile; fileRef = 16EB01C22970F5E60011E1DD /* Main.storyboard */; };
		16EB01C62970F5E60011E1DD /* Assets.xcassets in Resources */ = {isa = PBXBuildFile; fileRef = 16EB01C52970F5E60011E1DD /* Assets.xcassets */; };
		16EB01C92970F5E60011E1DD /* LaunchScreen.storyboard in Resources */ = {isa = PBXBuildFile; fileRef = 16EB01C72970F5E60011E1DD /* LaunchScreen.storyboard */; };
		16EB01D72970FFDB0011E1DD /* LoginViewController.swift in Sources */ = {isa = PBXBuildFile; fileRef = 16EB01D62970FFDB0011E1DD /* LoginViewController.swift */; };
		16EB01D9297100230011E1DD /* RegisterViewController.swift in Sources */ = {isa = PBXBuildFile; fileRef = 16EB01D8297100230011E1DD /* RegisterViewController.swift */; };
		16EB01DB297100320011E1DD /* PhotoViewerViewController.swift in Sources */ = {isa = PBXBuildFile; fileRef = 16EB01DA297100320011E1DD /* PhotoViewerViewController.swift */; };
		16EB01DD2971003B0011E1DD /* VideoPlayerViewController.swift in Sources */ = {isa = PBXBuildFile; fileRef = 16EB01DC2971003B0011E1DD /* VideoPlayerViewController.swift */; };
		16EB01DF297100800011E1DD /* NewConversationViewController.swift in Sources */ = {isa = PBXBuildFile; fileRef = 16EB01DE297100800011E1DD /* NewConversationViewController.swift */; };
		16EB01E1297100A60011E1DD /* ProfileViewController.swift in Sources */ = {isa = PBXBuildFile; fileRef = 16EB01E0297100A60011E1DD /* ProfileViewController.swift */; };
		16EB01E4297108830011E1DD /* Extensions.swift in Sources */ = {isa = PBXBuildFile; fileRef = 16EB01E3297108830011E1DD /* Extensions.swift */; };
		4F2FC064F2678D3FF0F3B12D /* Pods_MessengerClone.framework in Frameworks */ = {isa = PBXBuildFile; fileRef = 1D95D6997B75C7758FA99C24 /* Pods_MessengerClone.framework */; };
/* End PBXBuildFile section */

/* Begin PBXFileReference section */
		16132ED32974187A00DE3B01 /* GoogleService-Info.plist */ = {isa = PBXFileReference; fileEncoding = 4; lastKnownFileType = text.plist.xml; path = "GoogleService-Info.plist"; sourceTree = "<group>"; };
		16EB01B92970F5E60011E1DD /* MessengerClone.app */ = {isa = PBXFileReference; explicitFileType = wrapper.application; includeInIndex = 0; path = MessengerClone.app; sourceTree = BUILT_PRODUCTS_DIR; };
		16EB01BC2970F5E60011E1DD /* AppDelegate.swift */ = {isa = PBXFileReference; lastKnownFileType = sourcecode.swift; path = AppDelegate.swift; sourceTree = "<group>"; };
		16EB01BE2970F5E60011E1DD /* SceneDelegate.swift */ = {isa = PBXFileReference; lastKnownFileType = sourcecode.swift; path = SceneDelegate.swift; sourceTree = "<group>"; };
		16EB01C02970F5E60011E1DD /* ConversationsViewController.swift */ = {isa = PBXFileReference; lastKnownFileType = sourcecode.swift; path = ConversationsViewController.swift; sourceTree = "<group>"; };
		16EB01C32970F5E60011E1DD /* Base */ = {isa = PBXFileReference; lastKnownFileType = file.storyboard; name = Base; path = Base.lproj/Main.storyboard; sourceTree = "<group>"; };
		16EB01C52970F5E60011E1DD /* Assets.xcassets */ = {isa = PBXFileReference; lastKnownFileType = folder.assetcatalog; path = Assets.xcassets; sourceTree = "<group>"; };
		16EB01C82970F5E60011E1DD /* Base */ = {isa = PBXFileReference; lastKnownFileType = file.storyboard; name = Base; path = Base.lproj/LaunchScreen.storyboard; sourceTree = "<group>"; };
		16EB01CA2970F5E60011E1DD /* Info.plist */ = {isa = PBXFileReference; lastKnownFileType = text.plist.xml; path = Info.plist; sourceTree = "<group>"; };
		16EB01D62970FFDB0011E1DD /* LoginViewController.swift */ = {isa = PBXFileReference; lastKnownFileType = sourcecode.swift; path = LoginViewController.swift; sourceTree = "<group>"; };
		16EB01D8297100230011E1DD /* RegisterViewController.swift */ = {isa = PBXFileReference; lastKnownFileType = sourcecode.swift; path = RegisterViewController.swift; sourceTree = "<group>"; };
		16EB01DA297100320011E1DD /* PhotoViewerViewController.swift */ = {isa = PBXFileReference; lastKnownFileType = sourcecode.swift; path = PhotoViewerViewController.swift; sourceTree = "<group>"; };
		16EB01DC2971003B0011E1DD /* VideoPlayerViewController.swift */ = {isa = PBXFileReference; lastKnownFileType = sourcecode.swift; path = VideoPlayerViewController.swift; sourceTree = "<group>"; };
		16EB01DE297100800011E1DD /* NewConversationViewController.swift */ = {isa = PBXFileReference; lastKnownFileType = sourcecode.swift; path = NewConversationViewController.swift; sourceTree = "<group>"; };
		16EB01E0297100A60011E1DD /* ProfileViewController.swift */ = {isa = PBXFileReference; lastKnownFileType = sourcecode.swift; path = ProfileViewController.swift; sourceTree = "<group>"; };
		16EB01E3297108830011E1DD /* Extensions.swift */ = {isa = PBXFileReference; lastKnownFileType = sourcecode.swift; path = Extensions.swift; sourceTree = "<group>"; };
		1D95D6997B75C7758FA99C24 /* Pods_MessengerClone.framework */ = {isa = PBXFileReference; explicitFileType = wrapper.framework; includeInIndex = 0; path = Pods_MessengerClone.framework; sourceTree = BUILT_PRODUCTS_DIR; };
		4500CF5510E60EB703952A1F /* Pods-MessengerClone.debug.xcconfig */ = {isa = PBXFileReference; includeInIndex = 1; lastKnownFileType = text.xcconfig; name = "Pods-MessengerClone.debug.xcconfig"; path = "Target Support Files/Pods-MessengerClone/Pods-MessengerClone.debug.xcconfig"; sourceTree = "<group>"; };
		52EAF3D68E7392D06C3E6974 /* Pods-MessengerClone.release.xcconfig */ = {isa = PBXFileReference; includeInIndex = 1; lastKnownFileType = text.xcconfig; name = "Pods-MessengerClone.release.xcconfig"; path = "Target Support Files/Pods-MessengerClone/Pods-MessengerClone.release.xcconfig"; sourceTree = "<group>"; };
/* End PBXFileReference section */

/* Begin PBXFrameworksBuildPhase section */
		16EB01B62970F5E60011E1DD /* Frameworks */ = {
			isa = PBXFrameworksBuildPhase;
			buildActionMask = 2147483647;
			files = (
				4F2FC064F2678D3FF0F3B12D /* Pods_MessengerClone.framework in Frameworks */,
			);
			runOnlyForDeploymentPostprocessing = 0;
		};
/* End PBXFrameworksBuildPhase section */

/* Begin PBXGroup section */
		16EB01B02970F5E60011E1DD = {
			isa = PBXGroup;
			children = (
				16EB01BB2970F5E60011E1DD /* MessengerClone */,
				16EB01BA2970F5E60011E1DD /* Products */,
				54AB33DD00506738CE5AD133 /* Pods */,
				45B5C048331148E587663D0A /* Frameworks */,
			);
			sourceTree = "<group>";
		};
		16EB01BA2970F5E60011E1DD /* Products */ = {
			isa = PBXGroup;
			children = (
				16EB01B92970F5E60011E1DD /* MessengerClone.app */,
			);
			name = Products;
			sourceTree = "<group>";
		};
		16EB01BB2970F5E60011E1DD /* MessengerClone */ = {
			isa = PBXGroup;
			children = (
				16EB01D42970FB9F0011E1DD /* Resources */,
				16EB01D32970FB9D0011E1DD /* ViewModels */,
				16EB01D22970FB9B0011E1DD /* Models */,
				16EB01D12970FB980011E1DD /* Views */,
				16EB01C52970F5E60011E1DD /* Assets.xcassets */,
				16EB01D02970FB830011E1DD /* Controllers */,
				16EB01CA2970F5E60011E1DD /* Info.plist */,
				16132ED32974187A00DE3B01 /* GoogleService-Info.plist */,
			);
			path = MessengerClone;
			sourceTree = "<group>";
		};
		16EB01D02970FB830011E1DD /* Controllers */ = {
			isa = PBXGroup;
			children = (
				16EB01C02970F5E60011E1DD /* ConversationsViewController.swift */,
				16EB01E2297102E30011E1DD /* Login */,
				16EB01DA297100320011E1DD /* PhotoViewerViewController.swift */,
				16EB01DC2971003B0011E1DD /* VideoPlayerViewController.swift */,
				16EB01DE297100800011E1DD /* NewConversationViewController.swift */,
				16EB01E0297100A60011E1DD /* ProfileViewController.swift */,
			);
			path = Controllers;
			sourceTree = "<group>";
		};
		16EB01D12970FB980011E1DD /* Views */ = {
			isa = PBXGroup;
			children = (
				16EB01D52970FBE80011E1DD /* Storyboards */,
			);
			path = Views;
			sourceTree = "<group>";
		};
		16EB01D22970FB9B0011E1DD /* Models */ = {
			isa = PBXGroup;
			children = (
			);
			path = Models;
			sourceTree = "<group>";
		};
		16EB01D32970FB9D0011E1DD /* ViewModels */ = {
			isa = PBXGroup;
			children = (
			);
			path = ViewModels;
			sourceTree = "<group>";
		};
		16EB01D42970FB9F0011E1DD /* Resources */ = {
			isa = PBXGroup;
			children = (
				16EB01BC2970F5E60011E1DD /* AppDelegate.swift */,
				16EB01BE2970F5E60011E1DD /* SceneDelegate.swift */,
				16EB01E3297108830011E1DD /* Extensions.swift */,
			);
			path = Resources;
			sourceTree = "<group>";
		};
		16EB01D52970FBE80011E1DD /* Storyboards */ = {
			isa = PBXGroup;
			children = (
				16EB01C22970F5E60011E1DD /* Main.storyboard */,
				16EB01C72970F5E60011E1DD /* LaunchScreen.storyboard */,
			);
			path = Storyboards;
			sourceTree = "<group>";
		};
		16EB01E2297102E30011E1DD /* Login */ = {
			isa = PBXGroup;
			children = (
				16EB01D62970FFDB0011E1DD /* LoginViewController.swift */,
				16EB01D8297100230011E1DD /* RegisterViewController.swift */,
			);
			path = Login;
			sourceTree = "<group>";
		};
		45B5C048331148E587663D0A /* Frameworks */ = {
			isa = PBXGroup;
			children = (
				1D95D6997B75C7758FA99C24 /* Pods_MessengerClone.framework */,
			);
			name = Frameworks;
			sourceTree = "<group>";
		};
		54AB33DD00506738CE5AD133 /* Pods */ = {
			isa = PBXGroup;
			children = (
				4500CF5510E60EB703952A1F /* Pods-MessengerClone.debug.xcconfig */,
				52EAF3D68E7392D06C3E6974 /* Pods-MessengerClone.release.xcconfig */,
			);
			path = Pods;
			sourceTree = "<group>";
		};
/* End PBXGroup section */

/* Begin PBXNativeTarget section */
		16EB01B82970F5E60011E1DD /* MessengerClone */ = {
			isa = PBXNativeTarget;
			buildConfigurationList = 16EB01CD2970F5E60011E1DD /* Build configuration list for PBXNativeTarget "MessengerClone" */;
			buildPhases = (
				CE9ED96276381F4FFF945C5D /* [CP] Check Pods Manifest.lock */,
				16EB01B52970F5E60011E1DD /* Sources */,
				16EB01B62970F5E60011E1DD /* Frameworks */,
				16EB01B72970F5E60011E1DD /* Resources */,
				837CBD9A6A846E8E8A5973A0 /* [CP] Embed Pods Frameworks */,
			);
			buildRules = (
			);
			dependencies = (
			);
			name = MessengerClone;
			productName = MessengerClone;
			productReference = 16EB01B92970F5E60011E1DD /* MessengerClone.app */;
			productType = "com.apple.product-type.application";
		};
/* End PBXNativeTarget section */

/* Begin PBXProject section */
		16EB01B12970F5E60011E1DD /* Project object */ = {
			isa = PBXProject;
			attributes = {
				BuildIndependentTargetsInParallel = 1;
				LastSwiftUpdateCheck = 1420;
				LastUpgradeCheck = 1420;
				TargetAttributes = {
					16EB01B82970F5E60011E1DD = {
						CreatedOnToolsVersion = 14.2;
					};
				};
			};
			buildConfigurationList = 16EB01B42970F5E60011E1DD /* Build configuration list for PBXProject "MessengerClone" */;
			compatibilityVersion = "Xcode 14.0";
			developmentRegion = en;
			hasScannedForEncodings = 0;
			knownRegions = (
				en,
				Base,
			);
			mainGroup = 16EB01B02970F5E60011E1DD;
			productRefGroup = 16EB01BA2970F5E60011E1DD /* Products */;
			projectDirPath = "";
			projectRoot = "";
			targets = (
				16EB01B82970F5E60011E1DD /* MessengerClone */,
			);
		};
/* End PBXProject section */

/* Begin PBXResourcesBuildPhase section */
		16EB01B72970F5E60011E1DD /* Resources */ = {
			isa = PBXResourcesBuildPhase;
			buildActionMask = 2147483647;
			files = (
				16EB01C92970F5E60011E1DD /* LaunchScreen.storyboard in Resources */,
				16132ED42974187A00DE3B01 /* GoogleService-Info.plist in Resources */,
				16EB01C62970F5E60011E1DD /* Assets.xcassets in Resources */,
				16EB01C42970F5E60011E1DD /* Main.storyboard in Resources */,
			);
			runOnlyForDeploymentPostprocessing = 0;
		};
/* End PBXResourcesBuildPhase section */

/* Begin PBXShellScriptBuildPhase section */
		837CBD9A6A846E8E8A5973A0 /* [CP] Embed Pods Frameworks */ = {
			isa = PBXShellScriptBuildPhase;
			buildActionMask = 2147483647;
			files = (
			);
			inputFileListPaths = (
				"${PODS_ROOT}/Target Support Files/Pods-MessengerClone/Pods-MessengerClone-frameworks-${CONFIGURATION}-input-files.xcfilelist",
			);
			name = "[CP] Embed Pods Frameworks";
			outputFileListPaths = (
				"${PODS_ROOT}/Target Support Files/Pods-MessengerClone/Pods-MessengerClone-frameworks-${CONFIGURATION}-output-files.xcfilelist",
			);
			runOnlyForDeploymentPostprocessing = 0;
			shellPath = /bin/sh;
			shellScript = "\"${PODS_ROOT}/Target Support Files/Pods-MessengerClone/Pods-MessengerClone-frameworks.sh\"\n";
			showEnvVarsInLog = 0;
		};
		CE9ED96276381F4FFF945C5D /* [CP] Check Pods Manifest.lock */ = {
			isa = PBXShellScriptBuildPhase;
			buildActionMask = 2147483647;
			files = (
			);
			inputFileListPaths = (
			);
			inputPaths = (
				"${PODS_PODFILE_DIR_PATH}/Podfile.lock",
				"${PODS_ROOT}/Manifest.lock",
			);
			name = "[CP] Check Pods Manifest.lock";
			outputFileListPaths = (
			);
			outputPaths = (
				"$(DERIVED_FILE_DIR)/Pods-MessengerClone-checkManifestLockResult.txt",
			);
			runOnlyForDeploymentPostprocessing = 0;
			shellPath = /bin/sh;
			shellScript = "diff \"${PODS_PODFILE_DIR_PATH}/Podfile.lock\" \"${PODS_ROOT}/Manifest.lock\" > /dev/null\nif [ $? != 0 ] ; then\n    # print error to STDERR\n    echo \"error: The sandbox is not in sync with the Podfile.lock. Run 'pod install' or update your CocoaPods installation.\" >&2\n    exit 1\nfi\n# This output is used by Xcode 'outputs' to avoid re-running this script phase.\necho \"SUCCESS\" > \"${SCRIPT_OUTPUT_FILE_0}\"\n";
			showEnvVarsInLog = 0;
		};
/* End PBXShellScriptBuildPhase section */

/* Begin PBXSourcesBuildPhase section */
		16EB01B52970F5E60011E1DD /* Sources */ = {
			isa = PBXSourcesBuildPhase;
			buildActionMask = 2147483647;
			files = (
				16EB01D72970FFDB0011E1DD /* LoginViewController.swift in Sources */,
				16EB01D9297100230011E1DD /* RegisterViewController.swift in Sources */,
				16EB01DF297100800011E1DD /* NewConversationViewController.swift in Sources */,
				16EB01C12970F5E60011E1DD /* ConversationsViewController.swift in Sources */,
				16EB01DD2971003B0011E1DD /* VideoPlayerViewController.swift in Sources */,
				16EB01E4297108830011E1DD /* Extensions.swift in Sources */,
				16EB01BD2970F5E60011E1DD /* AppDelegate.swift in Sources */,
				16EB01E1297100A60011E1DD /* ProfileViewController.swift in Sources */,
				16EB01BF2970F5E60011E1DD /* SceneDelegate.swift in Sources */,
				16EB01DB297100320011E1DD /* PhotoViewerViewController.swift in Sources */,
			);
			runOnlyForDeploymentPostprocessing = 0;
		};
/* End PBXSourcesBuildPhase section */

/* Begin PBXVariantGroup section */
		16EB01C22970F5E60011E1DD /* Main.storyboard */ = {
			isa = PBXVariantGroup;
			children = (
				16EB01C32970F5E60011E1DD /* Base */,
			);
			name = Main.storyboard;
			sourceTree = "<group>";
		};
		16EB01C72970F5E60011E1DD /* LaunchScreen.storyboard */ = {
			isa = PBXVariantGroup;
			children = (
				16EB01C82970F5E60011E1DD /* Base */,
			);
			name = LaunchScreen.storyboard;
			sourceTree = "<group>";
		};
/* End PBXVariantGroup section */

/* Begin XCBuildConfiguration section */
		16EB01CB2970F5E60011E1DD /* Debug */ = {
			isa = XCBuildConfiguration;
			buildSettings = {
				ALWAYS_SEARCH_USER_PATHS = NO;
				CLANG_ANALYZER_NONNULL = YES;
				CLANG_ANALYZER_NUMBER_OBJECT_CONVERSION = YES_AGGRESSIVE;
				CLANG_CXX_LANGUAGE_STANDARD = "gnu++20";
				CLANG_ENABLE_MODULES = YES;
				CLANG_ENABLE_OBJC_ARC = YES;
				CLANG_ENABLE_OBJC_WEAK = YES;
				CLANG_WARN_BLOCK_CAPTURE_AUTORELEASING = YES;
				CLANG_WARN_BOOL_CONVERSION = YES;
				CLANG_WARN_COMMA = YES;
				CLANG_WARN_CONSTANT_CONVERSION = YES;
				CLANG_WARN_DEPRECATED_OBJC_IMPLEMENTATIONS = YES;
				CLANG_WARN_DIRECT_OBJC_ISA_USAGE = YES_ERROR;
				CLANG_WARN_DOCUMENTATION_COMMENTS = YES;
				CLANG_WARN_EMPTY_BODY = YES;
				CLANG_WARN_ENUM_CONVERSION = YES;
				CLANG_WARN_INFINITE_RECURSION = YES;
				CLANG_WARN_INT_CONVERSION = YES;
				CLANG_WARN_NON_LITERAL_NULL_CONVERSION = YES;
				CLANG_WARN_OBJC_IMPLICIT_RETAIN_SELF = YES;
				CLANG_WARN_OBJC_LITERAL_CONVERSION = YES;
				CLANG_WARN_OBJC_ROOT_CLASS = YES_ERROR;
				CLANG_WARN_QUOTED_INCLUDE_IN_FRAMEWORK_HEADER = YES;
				CLANG_WARN_RANGE_LOOP_ANALYSIS = YES;
				CLANG_WARN_STRICT_PROTOTYPES = YES;
				CLANG_WARN_SUSPICIOUS_MOVE = YES;
				CLANG_WARN_UNGUARDED_AVAILABILITY = YES_AGGRESSIVE;
				CLANG_WARN_UNREACHABLE_CODE = YES;
				CLANG_WARN__DUPLICATE_METHOD_MATCH = YES;
				COPY_PHASE_STRIP = NO;
				DEBUG_INFORMATION_FORMAT = dwarf;
				ENABLE_STRICT_OBJC_MSGSEND = YES;
				ENABLE_TESTABILITY = YES;
				GCC_C_LANGUAGE_STANDARD = gnu11;
				GCC_DYNAMIC_NO_PIC = NO;
				GCC_NO_COMMON_BLOCKS = YES;
				GCC_OPTIMIZATION_LEVEL = 0;
				GCC_PREPROCESSOR_DEFINITIONS = (
					"DEBUG=1",
					"$(inherited)",
				);
				GCC_WARN_64_TO_32_BIT_CONVERSION = YES;
				GCC_WARN_ABOUT_RETURN_TYPE = YES_ERROR;
				GCC_WARN_UNDECLARED_SELECTOR = YES;
				GCC_WARN_UNINITIALIZED_AUTOS = YES_AGGRESSIVE;
				GCC_WARN_UNUSED_FUNCTION = YES;
				GCC_WARN_UNUSED_VARIABLE = YES;
				IPHONEOS_DEPLOYMENT_TARGET = 16.2;
				MTL_ENABLE_DEBUG_INFO = INCLUDE_SOURCE;
				MTL_FAST_MATH = YES;
				ONLY_ACTIVE_ARCH = YES;
				SDKROOT = iphoneos;
				SWIFT_ACTIVE_COMPILATION_CONDITIONS = DEBUG;
				SWIFT_OPTIMIZATION_LEVEL = "-Onone";
			};
			name = Debug;
		};
		16EB01CC2970F5E60011E1DD /* Release */ = {
			isa = XCBuildConfiguration;
			buildSettings = {
				ALWAYS_SEARCH_USER_PATHS = NO;
				CLANG_ANALYZER_NONNULL = YES;
				CLANG_ANALYZER_NUMBER_OBJECT_CONVERSION = YES_AGGRESSIVE;
				CLANG_CXX_LANGUAGE_STANDARD = "gnu++20";
				CLANG_ENABLE_MODULES = YES;
				CLANG_ENABLE_OBJC_ARC = YES;
				CLANG_ENABLE_OBJC_WEAK = YES;
				CLANG_WARN_BLOCK_CAPTURE_AUTORELEASING = YES;
				CLANG_WARN_BOOL_CONVERSION = YES;
				CLANG_WARN_COMMA = YES;
				CLANG_WARN_CONSTANT_CONVERSION = YES;
				CLANG_WARN_DEPRECATED_OBJC_IMPLEMENTATIONS = YES;
				CLANG_WARN_DIRECT_OBJC_ISA_USAGE = YES_ERROR;
				CLANG_WARN_DOCUMENTATION_COMMENTS = YES;
				CLANG_WARN_EMPTY_BODY = YES;
				CLANG_WARN_ENUM_CONVERSION = YES;
				CLANG_WARN_INFINITE_RECURSION = YES;
				CLANG_WARN_INT_CONVERSION = YES;
				CLANG_WARN_NON_LITERAL_NULL_CONVERSION = YES;
				CLANG_WARN_OBJC_IMPLICIT_RETAIN_SELF = YES;
				CLANG_WARN_OBJC_LITERAL_CONVERSION = YES;
				CLANG_WARN_OBJC_ROOT_CLASS = YES_ERROR;
				CLANG_WARN_QUOTED_INCLUDE_IN_FRAMEWORK_HEADER = YES;
				CLANG_WARN_RANGE_LOOP_ANALYSIS = YES;
				CLANG_WARN_STRICT_PROTOTYPES = YES;
				CLANG_WARN_SUSPICIOUS_MOVE = YES;
				CLANG_WARN_UNGUARDED_AVAILABILITY = YES_AGGRESSIVE;
				CLANG_WARN_UNREACHABLE_CODE = YES;
				CLANG_WARN__DUPLICATE_METHOD_MATCH = YES;
				COPY_PHASE_STRIP = NO;
				DEBUG_INFORMATION_FORMAT = "dwarf-with-dsym";
				ENABLE_NS_ASSERTIONS = NO;
				ENABLE_STRICT_OBJC_MSGSEND = YES;
				GCC_C_LANGUAGE_STANDARD = gnu11;
				GCC_NO_COMMON_BLOCKS = YES;
				GCC_WARN_64_TO_32_BIT_CONVERSION = YES;
				GCC_WARN_ABOUT_RETURN_TYPE = YES_ERROR;
				GCC_WARN_UNDECLARED_SELECTOR = YES;
				GCC_WARN_UNINITIALIZED_AUTOS = YES_AGGRESSIVE;
				GCC_WARN_UNUSED_FUNCTION = YES;
				GCC_WARN_UNUSED_VARIABLE = YES;
				IPHONEOS_DEPLOYMENT_TARGET = 16.2;
				MTL_ENABLE_DEBUG_INFO = NO;
				MTL_FAST_MATH = YES;
				SDKROOT = iphoneos;
				SWIFT_COMPILATION_MODE = wholemodule;
				SWIFT_OPTIMIZATION_LEVEL = "-O";
				VALIDATE_PRODUCT = YES;
			};
			name = Release;
		};
		16EB01CE2970F5E60011E1DD /* Debug */ = {
			isa = XCBuildConfiguration;
			baseConfigurationReference = 4500CF5510E60EB703952A1F /* Pods-MessengerClone.debug.xcconfig */;
			buildSettings = {
				ASSETCATALOG_COMPILER_APPICON_NAME = AppIcon;
				ASSETCATALOG_COMPILER_GLOBAL_ACCENT_COLOR_NAME = AccentColor;
				CODE_SIGN_STYLE = Automatic;
				CURRENT_PROJECT_VERSION = 1;
				DEVELOPMENT_TEAM = PG5FKL2L77;
				GENERATE_INFOPLIST_FILE = YES;
				INFOPLIST_FILE = MessengerClone/Info.plist;
				INFOPLIST_KEY_NSCameraUsageDescription = "Please allow access to tak a profile picture";
				INFOPLIST_KEY_NSPhotoLibraryAddUsageDescription = "Please allow access to select a photo for your profile";
				INFOPLIST_KEY_UIApplicationSupportsIndirectInputEvents = YES;
				INFOPLIST_KEY_UILaunchStoryboardName = LaunchScreen;
				INFOPLIST_KEY_UIMainStoryboardFile = Main;
				INFOPLIST_KEY_UISupportedInterfaceOrientations = UIInterfaceOrientationPortrait;
				IPHONEOS_DEPLOYMENT_TARGET = 13.5;
				LD_RUNPATH_SEARCH_PATHS = (
					"$(inherited)",
					"@executable_path/Frameworks",
				);
				MARKETING_VERSION = 1.0;
				PRODUCT_BUNDLE_IDENTIFIER = com.hirorich.MessengerClone;
				PRODUCT_NAME = "$(TARGET_NAME)";
				SUPPORTED_PLATFORMS = "iphoneos iphonesimulator";
				SUPPORTS_MACCATALYST = NO;
				SUPPORTS_MAC_DESIGNED_FOR_IPHONE_IPAD = NO;
				SWIFT_EMIT_LOC_STRINGS = YES;
				SWIFT_VERSION = 5.0;
				TARGETED_DEVICE_FAMILY = "1,2";
			};
			name = Debug;
		};
		16EB01CF2970F5E60011E1DD /* Release */ = {
			isa = XCBuildConfiguration;
			baseConfigurationReference = 52EAF3D68E7392D06C3E6974 /* Pods-MessengerClone.release.xcconfig */;
			buildSettings = {
				ASSETCATALOG_COMPILER_APPICON_NAME = AppIcon;
				ASSETCATALOG_COMPILER_GLOBAL_ACCENT_COLOR_NAME = AccentColor;
				CODE_SIGN_STYLE = Automatic;
				CURRENT_PROJECT_VERSION = 1;
				DEVELOPMENT_TEAM = PG5FKL2L77;
				GENERATE_INFOPLIST_FILE = YES;
				INFOPLIST_FILE = MessengerClone/Info.plist;
				INFOPLIST_KEY_NSCameraUsageDescription = "Please allow access to tak a profile picture";
				INFOPLIST_KEY_NSPhotoLibraryAddUsageDescription = "Please allow access to select a photo for your profile";
				INFOPLIST_KEY_UIApplicationSupportsIndirectInputEvents = YES;
				INFOPLIST_KEY_UILaunchStoryboardName = LaunchScreen;
				INFOPLIST_KEY_UIMainStoryboardFile = Main;
				INFOPLIST_KEY_UISupportedInterfaceOrientations = UIInterfaceOrientationPortrait;
				IPHONEOS_DEPLOYMENT_TARGET = 13.5;
				LD_RUNPATH_SEARCH_PATHS = (
					"$(inherited)",
					"@executable_path/Frameworks",
				);
				MARKETING_VERSION = 1.0;
				PRODUCT_BUNDLE_IDENTIFIER = com.hirorich.MessengerClone;
				PRODUCT_NAME = "$(TARGET_NAME)";
				SUPPORTED_PLATFORMS = "iphoneos iphonesimulator";
				SUPPORTS_MACCATALYST = NO;
				SUPPORTS_MAC_DESIGNED_FOR_IPHONE_IPAD = NO;
				SWIFT_EMIT_LOC_STRINGS = YES;
				SWIFT_VERSION = 5.0;
				TARGETED_DEVICE_FAMILY = "1,2";
			};
			name = Release;
		};
/* End XCBuildConfiguration section */

/* Begin XCConfigurationList section */
		16EB01B42970F5E60011E1DD /* Build configuration list for PBXProject "MessengerClone" */ = {
			isa = XCConfigurationList;
			buildConfigurations = (
				16EB01CB2970F5E60011E1DD /* Debug */,
				16EB01CC2970F5E60011E1DD /* Release */,
			);
			defaultConfigurationIsVisible = 0;
			defaultConfigurationName = Release;
		};
		16EB01CD2970F5E60011E1DD /* Build configuration list for PBXNativeTarget "MessengerClone" */ = {
			isa = XCConfigurationList;
			buildConfigurations = (
				16EB01CE2970F5E60011E1DD /* Debug */,
				16EB01CF2970F5E60011E1DD /* Release */,
			);
			defaultConfigurationIsVisible = 0;
			defaultConfigurationName = Release;
		};
/* End XCConfigurationList section */
	};
	rootObject = 16EB01B12970F5E60011E1DD /* Project object */;
}
