// !$*UTF8*$!
{
	archiveVersion = 1;
	classes = {
	};
	objectVersion = 56;
	objects = {

/* Begin PBXBuildFile section */
		1625C7292A416B010030E998 /* AppDelegate.swift in Sources */ = {isa = PBXBuildFile; fileRef = 1625C7282A416B010030E998 /* AppDelegate.swift */; };
		1625C72B2A416B010030E998 /* SceneDelegate.swift in Sources */ = {isa = PBXBuildFile; fileRef = 1625C72A2A416B010030E998 /* SceneDelegate.swift */; };
		1625C72D2A416B010030E998 /* ReminderListViewController.swift in Sources */ = {isa = PBXBuildFile; fileRef = 1625C72C2A416B010030E998 /* ReminderListViewController.swift */; };
		1625C7302A416B010030E998 /* Main.storyboard in Resources */ = {isa = PBXBuildFile; fileRef = 1625C72E2A416B010030E998 /* Main.storyboard */; };
		1625C7322A416B020030E998 /* Assets.xcassets in Resources */ = {isa = PBXBuildFile; fileRef = 1625C7312A416B020030E998 /* Assets.xcassets */; };
		1625C7352A416B020030E998 /* LaunchScreen.storyboard in Resources */ = {isa = PBXBuildFile; fileRef = 1625C7332A416B020030E998 /* LaunchScreen.storyboard */; };
		1625C73E2A416F0D0030E998 /* Reminder.swift in Sources */ = {isa = PBXBuildFile; fileRef = 1625C73D2A416F0D0030E998 /* Reminder.swift */; };
		162958772A4290360040CA4E /* ReminderViewController+Section.swift in Sources */ = {isa = PBXBuildFile; fileRef = 162958762A4290360040CA4E /* ReminderViewController+Section.swift */; };
		162958792A429EC20040CA4E /* ReminderViewController+CellConfiguration.swift in Sources */ = {isa = PBXBuildFile; fileRef = 162958782A429EC20040CA4E /* ReminderViewController+CellConfiguration.swift */; };
		1629587C2A42A2020040CA4E /* UIView+PinnedSubview.swift in Sources */ = {isa = PBXBuildFile; fileRef = 1629587B2A42A2020040CA4E /* UIView+PinnedSubview.swift */; };
		1629587E2A42A3570040CA4E /* TextFieldContentView.swift in Sources */ = {isa = PBXBuildFile; fileRef = 1629587D2A42A3570040CA4E /* TextFieldContentView.swift */; };
		162958802A42A44E0040CA4E /* UIContentConfiguration+Stateless.swift in Sources */ = {isa = PBXBuildFile; fileRef = 1629587F2A42A44E0040CA4E /* UIContentConfiguration+Stateless.swift */; };
		162958822A42C1350040CA4E /* TextViewContentView.swift in Sources */ = {isa = PBXBuildFile; fileRef = 162958812A42C1350040CA4E /* TextViewContentView.swift */; };
		162958842A42C2230040CA4E /* DatePickerContentView.swift in Sources */ = {isa = PBXBuildFile; fileRef = 162958832A42C2230040CA4E /* DatePickerContentView.swift */; };
		162958862A42DA740040CA4E /* ReminderListStyle.swift in Sources */ = {isa = PBXBuildFile; fileRef = 162958852A42DA740040CA4E /* ReminderListStyle.swift */; };
		167080AD2A427C49002E2221 /* ReminderViewController.swift in Sources */ = {isa = PBXBuildFile; fileRef = 167080AC2A427C49002E2221 /* ReminderViewController.swift */; };
		167080B02A427E3F002E2221 /* ReminderViewController+Row.swift in Sources */ = {isa = PBXBuildFile; fileRef = 167080AF2A427E3F002E2221 /* ReminderViewController+Row.swift */; };
		16910AFD2A417B5B00688DA2 /* Date+Today.swift in Sources */ = {isa = PBXBuildFile; fileRef = 16910AFC2A417B5B00688DA2 /* Date+Today.swift */; };
		16910B002A417DB200688DA2 /* ReminderListViewController+DataSource.swift in Sources */ = {isa = PBXBuildFile; fileRef = 16910AFF2A417DB200688DA2 /* ReminderListViewController+DataSource.swift */; };
		16910B022A41843700688DA2 /* UIColor+Today.swift in Sources */ = {isa = PBXBuildFile; fileRef = 16910B012A41843700688DA2 /* UIColor+Today.swift */; };
		16910B042A41892400688DA2 /* ReminderDoneButton.swift in Sources */ = {isa = PBXBuildFile; fileRef = 16910B032A41892400688DA2 /* ReminderDoneButton.swift */; };
		16910B062A4189E400688DA2 /* ReminderListViewController+Actions.swift in Sources */ = {isa = PBXBuildFile; fileRef = 16910B052A4189E400688DA2 /* ReminderListViewController+Actions.swift */; };
/* End PBXBuildFile section */

/* Begin PBXFileReference section */
		1625C7252A416B010030E998 /* Today.app */ = {isa = PBXFileReference; explicitFileType = wrapper.application; includeInIndex = 0; path = Today.app; sourceTree = BUILT_PRODUCTS_DIR; };
		1625C7282A416B010030E998 /* AppDelegate.swift */ = {isa = PBXFileReference; lastKnownFileType = sourcecode.swift; path = AppDelegate.swift; sourceTree = "<group>"; };
		1625C72A2A416B010030E998 /* SceneDelegate.swift */ = {isa = PBXFileReference; lastKnownFileType = sourcecode.swift; path = SceneDelegate.swift; sourceTree = "<group>"; };
		1625C72C2A416B010030E998 /* ReminderListViewController.swift */ = {isa = PBXFileReference; lastKnownFileType = sourcecode.swift; path = ReminderListViewController.swift; sourceTree = "<group>"; };
		1625C72F2A416B010030E998 /* Base */ = {isa = PBXFileReference; lastKnownFileType = file.storyboard; name = Base; path = Base.lproj/Main.storyboard; sourceTree = "<group>"; };
		1625C7312A416B020030E998 /* Assets.xcassets */ = {isa = PBXFileReference; lastKnownFileType = folder.assetcatalog; path = Assets.xcassets; sourceTree = "<group>"; };
		1625C7342A416B020030E998 /* Base */ = {isa = PBXFileReference; lastKnownFileType = file.storyboard; name = Base; path = Base.lproj/LaunchScreen.storyboard; sourceTree = "<group>"; };
		1625C7362A416B020030E998 /* Info.plist */ = {isa = PBXFileReference; lastKnownFileType = text.plist.xml; path = Info.plist; sourceTree = "<group>"; };
		1625C73D2A416F0D0030E998 /* Reminder.swift */ = {isa = PBXFileReference; lastKnownFileType = sourcecode.swift; path = Reminder.swift; sourceTree = "<group>"; };
		162958762A4290360040CA4E /* ReminderViewController+Section.swift */ = {isa = PBXFileReference; lastKnownFileType = sourcecode.swift; path = "ReminderViewController+Section.swift"; sourceTree = "<group>"; };
		162958782A429EC20040CA4E /* ReminderViewController+CellConfiguration.swift */ = {isa = PBXFileReference; lastKnownFileType = sourcecode.swift; path = "ReminderViewController+CellConfiguration.swift"; sourceTree = "<group>"; };
		1629587B2A42A2020040CA4E /* UIView+PinnedSubview.swift */ = {isa = PBXFileReference; lastKnownFileType = sourcecode.swift; path = "UIView+PinnedSubview.swift"; sourceTree = "<group>"; };
		1629587D2A42A3570040CA4E /* TextFieldContentView.swift */ = {isa = PBXFileReference; lastKnownFileType = sourcecode.swift; path = TextFieldContentView.swift; sourceTree = "<group>"; };
		1629587F2A42A44E0040CA4E /* UIContentConfiguration+Stateless.swift */ = {isa = PBXFileReference; lastKnownFileType = sourcecode.swift; path = "UIContentConfiguration+Stateless.swift"; sourceTree = "<group>"; };
		162958812A42C1350040CA4E /* TextViewContentView.swift */ = {isa = PBXFileReference; lastKnownFileType = sourcecode.swift; path = TextViewContentView.swift; sourceTree = "<group>"; };
		162958832A42C2230040CA4E /* DatePickerContentView.swift */ = {isa = PBXFileReference; lastKnownFileType = sourcecode.swift; path = DatePickerContentView.swift; sourceTree = "<group>"; };
		162958852A42DA740040CA4E /* ReminderListStyle.swift */ = {isa = PBXFileReference; lastKnownFileType = sourcecode.swift; path = ReminderListStyle.swift; sourceTree = "<group>"; };
		167080AC2A427C49002E2221 /* ReminderViewController.swift */ = {isa = PBXFileReference; lastKnownFileType = sourcecode.swift; path = ReminderViewController.swift; sourceTree = "<group>"; };
		167080AF2A427E3F002E2221 /* ReminderViewController+Row.swift */ = {isa = PBXFileReference; lastKnownFileType = sourcecode.swift; path = "ReminderViewController+Row.swift"; sourceTree = "<group>"; };
		16910AFC2A417B5B00688DA2 /* Date+Today.swift */ = {isa = PBXFileReference; lastKnownFileType = sourcecode.swift; path = "Date+Today.swift"; sourceTree = "<group>"; };
		16910AFF2A417DB200688DA2 /* ReminderListViewController+DataSource.swift */ = {isa = PBXFileReference; lastKnownFileType = sourcecode.swift; path = "ReminderListViewController+DataSource.swift"; sourceTree = "<group>"; };
		16910B012A41843700688DA2 /* UIColor+Today.swift */ = {isa = PBXFileReference; fileEncoding = 4; lastKnownFileType = sourcecode.swift; path = "UIColor+Today.swift"; sourceTree = "<group>"; };
		16910B032A41892400688DA2 /* ReminderDoneButton.swift */ = {isa = PBXFileReference; lastKnownFileType = sourcecode.swift; path = ReminderDoneButton.swift; sourceTree = "<group>"; };
		16910B052A4189E400688DA2 /* ReminderListViewController+Actions.swift */ = {isa = PBXFileReference; lastKnownFileType = sourcecode.swift; path = "ReminderListViewController+Actions.swift"; sourceTree = "<group>"; };
/* End PBXFileReference section */

/* Begin PBXFrameworksBuildPhase section */
		1625C7222A416B010030E998 /* Frameworks */ = {
			isa = PBXFrameworksBuildPhase;
			buildActionMask = 2147483647;
			files = (
			);
			runOnlyForDeploymentPostprocessing = 0;
		};
/* End PBXFrameworksBuildPhase section */

/* Begin PBXGroup section */
		1625C71C2A416B010030E998 = {
			isa = PBXGroup;
			children = (
				1625C7272A416B010030E998 /* Today */,
				1625C7262A416B010030E998 /* Products */,
			);
			sourceTree = "<group>";
		};
		1625C7262A416B010030E998 /* Products */ = {
			isa = PBXGroup;
			children = (
				1625C7252A416B010030E998 /* Today.app */,
			);
			name = Products;
			sourceTree = "<group>";
		};
		1625C7272A416B010030E998 /* Today */ = {
			isa = PBXGroup;
			children = (
				1625C7282A416B010030E998 /* AppDelegate.swift */,
				1625C72A2A416B010030E998 /* SceneDelegate.swift */,
				1625C7312A416B020030E998 /* Assets.xcassets */,
				1625C7362A416B020030E998 /* Info.plist */,
				1629587A2A42A0A80040CA4E /* ContentViews */,
				167080AE2A427DCD002E2221 /* DetailViewController */,
				16910AFE2A417D7D00688DA2 /* ListViewController */,
				1625C73C2A416EF40030E998 /* Models */,
				1625C7332A416B020030E998 /* LaunchScreen.storyboard */,
				1625C72E2A416B010030E998 /* Main.storyboard */,
			);
			path = Today;
			sourceTree = "<group>";
		};
		1625C73C2A416EF40030E998 /* Models */ = {
			isa = PBXGroup;
			children = (
				16910AFC2A417B5B00688DA2 /* Date+Today.swift */,
				1625C73D2A416F0D0030E998 /* Reminder.swift */,
				16910B012A41843700688DA2 /* UIColor+Today.swift */,
				162958852A42DA740040CA4E /* ReminderListStyle.swift */,
			);
			path = Models;
			sourceTree = "<group>";
		};
		1629587A2A42A0A80040CA4E /* ContentViews */ = {
			isa = PBXGroup;
			children = (
				1629587B2A42A2020040CA4E /* UIView+PinnedSubview.swift */,
				1629587D2A42A3570040CA4E /* TextFieldContentView.swift */,
				1629587F2A42A44E0040CA4E /* UIContentConfiguration+Stateless.swift */,
				162958812A42C1350040CA4E /* TextViewContentView.swift */,
				162958832A42C2230040CA4E /* DatePickerContentView.swift */,
			);
			path = ContentViews;
			sourceTree = "<group>";
		};
		167080AE2A427DCD002E2221 /* DetailViewController */ = {
			isa = PBXGroup;
			children = (
				167080AC2A427C49002E2221 /* ReminderViewController.swift */,
				167080AF2A427E3F002E2221 /* ReminderViewController+Row.swift */,
				162958762A4290360040CA4E /* ReminderViewController+Section.swift */,
				162958782A429EC20040CA4E /* ReminderViewController+CellConfiguration.swift */,
			);
			path = DetailViewController;
			sourceTree = "<group>";
		};
		16910AFE2A417D7D00688DA2 /* ListViewController */ = {
			isa = PBXGroup;
			children = (
				1625C72C2A416B010030E998 /* ReminderListViewController.swift */,
				16910AFF2A417DB200688DA2 /* ReminderListViewController+DataSource.swift */,
				16910B032A41892400688DA2 /* ReminderDoneButton.swift */,
				16910B052A4189E400688DA2 /* ReminderListViewController+Actions.swift */,
			);
			path = ListViewController;
			sourceTree = "<group>";
		};
/* End PBXGroup section */

/* Begin PBXNativeTarget section */
		1625C7242A416B010030E998 /* Today */ = {
			isa = PBXNativeTarget;
			buildConfigurationList = 1625C7392A416B020030E998 /* Build configuration list for PBXNativeTarget "Today" */;
			buildPhases = (
				1625C7212A416B010030E998 /* Sources */,
				1625C7222A416B010030E998 /* Frameworks */,
				1625C7232A416B010030E998 /* Resources */,
			);
			buildRules = (
			);
			dependencies = (
			);
			name = Today;
			productName = Today;
			productReference = 1625C7252A416B010030E998 /* Today.app */;
			productType = "com.apple.product-type.application";
		};
/* End PBXNativeTarget section */

/* Begin PBXProject section */
		1625C71D2A416B010030E998 /* Project object */ = {
			isa = PBXProject;
			attributes = {
				BuildIndependentTargetsInParallel = 1;
				LastSwiftUpdateCheck = 1430;
				LastUpgradeCheck = 1430;
				TargetAttributes = {
					1625C7242A416B010030E998 = {
						CreatedOnToolsVersion = 14.3.1;
					};
				};
			};
			buildConfigurationList = 1625C7202A416B010030E998 /* Build configuration list for PBXProject "Today" */;
			compatibilityVersion = "Xcode 14.0";
			developmentRegion = en;
			hasScannedForEncodings = 0;
			knownRegions = (
				en,
				Base,
			);
			mainGroup = 1625C71C2A416B010030E998;
			productRefGroup = 1625C7262A416B010030E998 /* Products */;
			projectDirPath = "";
			projectRoot = "";
			targets = (
				1625C7242A416B010030E998 /* Today */,
			);
		};
/* End PBXProject section */

/* Begin PBXResourcesBuildPhase section */
		1625C7232A416B010030E998 /* Resources */ = {
			isa = PBXResourcesBuildPhase;
			buildActionMask = 2147483647;
			files = (
				1625C7352A416B020030E998 /* LaunchScreen.storyboard in Resources */,
				1625C7322A416B020030E998 /* Assets.xcassets in Resources */,
				1625C7302A416B010030E998 /* Main.storyboard in Resources */,
			);
			runOnlyForDeploymentPostprocessing = 0;
		};
/* End PBXResourcesBuildPhase section */

/* Begin PBXSourcesBuildPhase section */
		1625C7212A416B010030E998 /* Sources */ = {
			isa = PBXSourcesBuildPhase;
			buildActionMask = 2147483647;
			files = (
				1629587C2A42A2020040CA4E /* UIView+PinnedSubview.swift in Sources */,
				162958772A4290360040CA4E /* ReminderViewController+Section.swift in Sources */,
				162958842A42C2230040CA4E /* DatePickerContentView.swift in Sources */,
				16910B022A41843700688DA2 /* UIColor+Today.swift in Sources */,
				16910B062A4189E400688DA2 /* ReminderListViewController+Actions.swift in Sources */,
				167080AD2A427C49002E2221 /* ReminderViewController.swift in Sources */,
				162958862A42DA740040CA4E /* ReminderListStyle.swift in Sources */,
				162958802A42A44E0040CA4E /* UIContentConfiguration+Stateless.swift in Sources */,
				1625C72D2A416B010030E998 /* ReminderListViewController.swift in Sources */,
				16910AFD2A417B5B00688DA2 /* Date+Today.swift in Sources */,
				1629587E2A42A3570040CA4E /* TextFieldContentView.swift in Sources */,
				162958822A42C1350040CA4E /* TextViewContentView.swift in Sources */,
				167080B02A427E3F002E2221 /* ReminderViewController+Row.swift in Sources */,
				16910B042A41892400688DA2 /* ReminderDoneButton.swift in Sources */,
				1625C7292A416B010030E998 /* AppDelegate.swift in Sources */,
				162958792A429EC20040CA4E /* ReminderViewController+CellConfiguration.swift in Sources */,
				1625C72B2A416B010030E998 /* SceneDelegate.swift in Sources */,
				1625C73E2A416F0D0030E998 /* Reminder.swift in Sources */,
				16910B002A417DB200688DA2 /* ReminderListViewController+DataSource.swift in Sources */,
			);
			runOnlyForDeploymentPostprocessing = 0;
		};
/* End PBXSourcesBuildPhase section */

/* Begin PBXVariantGroup section */
		1625C72E2A416B010030E998 /* Main.storyboard */ = {
			isa = PBXVariantGroup;
			children = (
				1625C72F2A416B010030E998 /* Base */,
			);
			name = Main.storyboard;
			sourceTree = "<group>";
		};
		1625C7332A416B020030E998 /* LaunchScreen.storyboard */ = {
			isa = PBXVariantGroup;
			children = (
				1625C7342A416B020030E998 /* Base */,
			);
			name = LaunchScreen.storyboard;
			sourceTree = "<group>";
		};
/* End PBXVariantGroup section */

/* Begin XCBuildConfiguration section */
		1625C7372A416B020030E998 /* Debug */ = {
			isa = XCBuildConfiguration;
			buildSettings = {
				ALWAYS_SEARCH_USER_PATHS = NO;
				CLANG_ANALYZER_NONNULL = YES;
				CLANG_ANALYZER_NUMBER_OBJECT_CONVERSION = YES_AGGRESSIVE;
				CLANG_CXX_LANGUAGE_STANDARD = "gnu++20";
				CLANG_ENABLE_MODULES = YES;
				CLANG_ENABLE_OBJC_ARC = YES;
				CLANG_ENABLE_OBJC_WEAK = YES;
				CLANG_WARN_BLOCK_CAPTURE_AUTORELEASING = YES;
				CLANG_WARN_BOOL_CONVERSION = YES;
				CLANG_WARN_COMMA = YES;
				CLANG_WARN_CONSTANT_CONVERSION = YES;
				CLANG_WARN_DEPRECATED_OBJC_IMPLEMENTATIONS = YES;
				CLANG_WARN_DIRECT_OBJC_ISA_USAGE = YES_ERROR;
				CLANG_WARN_DOCUMENTATION_COMMENTS = YES;
				CLANG_WARN_EMPTY_BODY = YES;
				CLANG_WARN_ENUM_CONVERSION = YES;
				CLANG_WARN_INFINITE_RECURSION = YES;
				CLANG_WARN_INT_CONVERSION = YES;
				CLANG_WARN_NON_LITERAL_NULL_CONVERSION = YES;
				CLANG_WARN_OBJC_IMPLICIT_RETAIN_SELF = YES;
				CLANG_WARN_OBJC_LITERAL_CONVERSION = YES;
				CLANG_WARN_OBJC_ROOT_CLASS = YES_ERROR;
				CLANG_WARN_QUOTED_INCLUDE_IN_FRAMEWORK_HEADER = YES;
				CLANG_WARN_RANGE_LOOP_ANALYSIS = YES;
				CLANG_WARN_STRICT_PROTOTYPES = YES;
				CLANG_WARN_SUSPICIOUS_MOVE = YES;
				CLANG_WARN_UNGUARDED_AVAILABILITY = YES_AGGRESSIVE;
				CLANG_WARN_UNREACHABLE_CODE = YES;
				CLANG_WARN__DUPLICATE_METHOD_MATCH = YES;
				COPY_PHASE_STRIP = NO;
				DEBUG_INFORMATION_FORMAT = dwarf;
				ENABLE_STRICT_OBJC_MSGSEND = YES;
				ENABLE_TESTABILITY = YES;
				GCC_C_LANGUAGE_STANDARD = gnu11;
				GCC_DYNAMIC_NO_PIC = NO;
				GCC_NO_COMMON_BLOCKS = YES;
				GCC_OPTIMIZATION_LEVEL = 0;
				GCC_PREPROCESSOR_DEFINITIONS = (
					"DEBUG=1",
					"$(inherited)",
				);
				GCC_WARN_64_TO_32_BIT_CONVERSION = YES;
				GCC_WARN_ABOUT_RETURN_TYPE = YES_ERROR;
				GCC_WARN_UNDECLARED_SELECTOR = YES;
				GCC_WARN_UNINITIALIZED_AUTOS = YES_AGGRESSIVE;
				GCC_WARN_UNUSED_FUNCTION = YES;
				GCC_WARN_UNUSED_VARIABLE = YES;
				IPHONEOS_DEPLOYMENT_TARGET = 15.0;
				MTL_ENABLE_DEBUG_INFO = INCLUDE_SOURCE;
				MTL_FAST_MATH = YES;
				ONLY_ACTIVE_ARCH = YES;
				SDKROOT = iphoneos;
				SWIFT_ACTIVE_COMPILATION_CONDITIONS = DEBUG;
				SWIFT_OPTIMIZATION_LEVEL = "-Onone";
			};
			name = Debug;
		};
		1625C7382A416B020030E998 /* Release */ = {
			isa = XCBuildConfiguration;
			buildSettings = {
				ALWAYS_SEARCH_USER_PATHS = NO;
				CLANG_ANALYZER_NONNULL = YES;
				CLANG_ANALYZER_NUMBER_OBJECT_CONVERSION = YES_AGGRESSIVE;
				CLANG_CXX_LANGUAGE_STANDARD = "gnu++20";
				CLANG_ENABLE_MODULES = YES;
				CLANG_ENABLE_OBJC_ARC = YES;
				CLANG_ENABLE_OBJC_WEAK = YES;
				CLANG_WARN_BLOCK_CAPTURE_AUTORELEASING = YES;
				CLANG_WARN_BOOL_CONVERSION = YES;
				CLANG_WARN_COMMA = YES;
				CLANG_WARN_CONSTANT_CONVERSION = YES;
				CLANG_WARN_DEPRECATED_OBJC_IMPLEMENTATIONS = YES;
				CLANG_WARN_DIRECT_OBJC_ISA_USAGE = YES_ERROR;
				CLANG_WARN_DOCUMENTATION_COMMENTS = YES;
				CLANG_WARN_EMPTY_BODY = YES;
				CLANG_WARN_ENUM_CONVERSION = YES;
				CLANG_WARN_INFINITE_RECURSION = YES;
				CLANG_WARN_INT_CONVERSION = YES;
				CLANG_WARN_NON_LITERAL_NULL_CONVERSION = YES;
				CLANG_WARN_OBJC_IMPLICIT_RETAIN_SELF = YES;
				CLANG_WARN_OBJC_LITERAL_CONVERSION = YES;
				CLANG_WARN_OBJC_ROOT_CLASS = YES_ERROR;
				CLANG_WARN_QUOTED_INCLUDE_IN_FRAMEWORK_HEADER = YES;
				CLANG_WARN_RANGE_LOOP_ANALYSIS = YES;
				CLANG_WARN_STRICT_PROTOTYPES = YES;
				CLANG_WARN_SUSPICIOUS_MOVE = YES;
				CLANG_WARN_UNGUARDED_AVAILABILITY = YES_AGGRESSIVE;
				CLANG_WARN_UNREACHABLE_CODE = YES;
				CLANG_WARN__DUPLICATE_METHOD_MATCH = YES;
				COPY_PHASE_STRIP = NO;
				DEBUG_INFORMATION_FORMAT = "dwarf-with-dsym";
				ENABLE_NS_ASSERTIONS = NO;
				ENABLE_STRICT_OBJC_MSGSEND = YES;
				GCC_C_LANGUAGE_STANDARD = gnu11;
				GCC_NO_COMMON_BLOCKS = YES;
				GCC_WARN_64_TO_32_BIT_CONVERSION = YES;
				GCC_WARN_ABOUT_RETURN_TYPE = YES_ERROR;
				GCC_WARN_UNDECLARED_SELECTOR = YES;
				GCC_WARN_UNINITIALIZED_AUTOS = YES_AGGRESSIVE;
				GCC_WARN_UNUSED_FUNCTION = YES;
				GCC_WARN_UNUSED_VARIABLE = YES;
				IPHONEOS_DEPLOYMENT_TARGET = 15.0;
				MTL_ENABLE_DEBUG_INFO = NO;
				MTL_FAST_MATH = YES;
				SDKROOT = iphoneos;
				SWIFT_COMPILATION_MODE = wholemodule;
				SWIFT_OPTIMIZATION_LEVEL = "-O";
				VALIDATE_PRODUCT = YES;
			};
			name = Release;
		};
		1625C73A2A416B020030E998 /* Debug */ = {
			isa = XCBuildConfiguration;
			buildSettings = {
				ASSETCATALOG_COMPILER_APPICON_NAME = AppIcon;
				ASSETCATALOG_COMPILER_GLOBAL_ACCENT_COLOR_NAME = AccentColor;
				CODE_SIGN_STYLE = Automatic;
				CURRENT_PROJECT_VERSION = 1;
				DEVELOPMENT_TEAM = PG5FKL2L77;
				GENERATE_INFOPLIST_FILE = YES;
				INFOPLIST_FILE = Today/Info.plist;
				INFOPLIST_KEY_UIApplicationSupportsIndirectInputEvents = YES;
				INFOPLIST_KEY_UILaunchStoryboardName = LaunchScreen;
				INFOPLIST_KEY_UIMainStoryboardFile = Main;
				INFOPLIST_KEY_UISupportedInterfaceOrientations_iPad = "UIInterfaceOrientationPortrait UIInterfaceOrientationPortraitUpsideDown UIInterfaceOrientationLandscapeLeft UIInterfaceOrientationLandscapeRight";
				INFOPLIST_KEY_UISupportedInterfaceOrientations_iPhone = "UIInterfaceOrientationPortrait UIInterfaceOrientationLandscapeLeft UIInterfaceOrientationLandscapeRight";
				IPHONEOS_DEPLOYMENT_TARGET = 15.0;
				LD_RUNPATH_SEARCH_PATHS = (
					"$(inherited)",
					"@executable_path/Frameworks",
				);
				MARKETING_VERSION = 1.0;
				PRODUCT_BUNDLE_IDENTIFIER = com.hiroDaegu.Today;
				PRODUCT_NAME = "$(TARGET_NAME)";
				SUPPORTED_PLATFORMS = "iphoneos iphonesimulator";
				SUPPORTS_MACCATALYST = NO;
				SUPPORTS_MAC_DESIGNED_FOR_IPHONE_IPAD = NO;
				SWIFT_EMIT_LOC_STRINGS = YES;
				SWIFT_VERSION = 5.0;
				TARGETED_DEVICE_FAMILY = 1;
			};
			name = Debug;
		};
		1625C73B2A416B020030E998 /* Release */ = {
			isa = XCBuildConfiguration;
			buildSettings = {
				ASSETCATALOG_COMPILER_APPICON_NAME = AppIcon;
				ASSETCATALOG_COMPILER_GLOBAL_ACCENT_COLOR_NAME = AccentColor;
				CODE_SIGN_STYLE = Automatic;
				CURRENT_PROJECT_VERSION = 1;
				DEVELOPMENT_TEAM = PG5FKL2L77;
				GENERATE_INFOPLIST_FILE = YES;
				INFOPLIST_FILE = Today/Info.plist;
				INFOPLIST_KEY_UIApplicationSupportsIndirectInputEvents = YES;
				INFOPLIST_KEY_UILaunchStoryboardName = LaunchScreen;
				INFOPLIST_KEY_UIMainStoryboardFile = Main;
				INFOPLIST_KEY_UISupportedInterfaceOrientations_iPad = "UIInterfaceOrientationPortrait UIInterfaceOrientationPortraitUpsideDown UIInterfaceOrientationLandscapeLeft UIInterfaceOrientationLandscapeRight";
				INFOPLIST_KEY_UISupportedInterfaceOrientations_iPhone = "UIInterfaceOrientationPortrait UIInterfaceOrientationLandscapeLeft UIInterfaceOrientationLandscapeRight";
				IPHONEOS_DEPLOYMENT_TARGET = 15.0;
				LD_RUNPATH_SEARCH_PATHS = (
					"$(inherited)",
					"@executable_path/Frameworks",
				);
				MARKETING_VERSION = 1.0;
				PRODUCT_BUNDLE_IDENTIFIER = com.hiroDaegu.Today;
				PRODUCT_NAME = "$(TARGET_NAME)";
				SUPPORTED_PLATFORMS = "iphoneos iphonesimulator";
				SUPPORTS_MACCATALYST = NO;
				SUPPORTS_MAC_DESIGNED_FOR_IPHONE_IPAD = NO;
				SWIFT_EMIT_LOC_STRINGS = YES;
				SWIFT_VERSION = 5.0;
				TARGETED_DEVICE_FAMILY = 1;
			};
			name = Release;
		};
/* End XCBuildConfiguration section */

/* Begin XCConfigurationList section */
		1625C7202A416B010030E998 /* Build configuration list for PBXProject "Today" */ = {
			isa = XCConfigurationList;
			buildConfigurations = (
				1625C7372A416B020030E998 /* Debug */,
				1625C7382A416B020030E998 /* Release */,
			);
			defaultConfigurationIsVisible = 0;
			defaultConfigurationName = Release;
		};
		1625C7392A416B020030E998 /* Build configuration list for PBXNativeTarget "Today" */ = {
			isa = XCConfigurationList;
			buildConfigurations = (
				1625C73A2A416B020030E998 /* Debug */,
				1625C73B2A416B020030E998 /* Release */,
			);
			defaultConfigurationIsVisible = 0;
			defaultConfigurationName = Release;
		};
/* End XCConfigurationList section */
	};
	rootObject = 1625C71D2A416B010030E998 /* Project object */;
}
