// !$*UTF8*$!
{
	archiveVersion = 1;
	classes = {
	};
	objectVersion = 56;
	objects = {

/* Begin PBXBuildFile section */
		16A85D142A4D63E600F79B4E /* CountdownFilmDisplayApp.swift in Sources */ = {isa = PBXBuildFile; fileRef = 16A85D132A4D63E600F79B4E /* CountdownFilmDisplayApp.swift */; };
		16A85D162A4D63E600F79B4E /* ContentView.swift in Sources */ = {isa = PBXBuildFile; fileRef = 16A85D152A4D63E600F79B4E /* ContentView.swift */; };
		16A85D182A4D63E800F79B4E /* Assets.xcassets in Resources */ = {isa = PBXBuildFile; fileRef = 16A85D172A4D63E800F79B4E /* Assets.xcassets */; };
		16A85D1B2A4D63E800F79B4E /* Preview Assets.xcassets in Resources */ = {isa = PBXBuildFile; fileRef = 16A85D1A2A4D63E800F79B4E /* Preview Assets.xcassets */; };
		16A85D252A4D645600F79B4E /* Color.swift in Sources */ = {isa = PBXBuildFile; fileRef = 16A85D242A4D645600F79B4E /* Color.swift */; };
		16A85D272A4D64D100F79B4E /* FilmClutterViewModel.swift in Sources */ = {isa = PBXBuildFile; fileRef = 16A85D262A4D64D100F79B4E /* FilmClutterViewModel.swift */; };
		16A85D292A4D650D00F79B4E /* FilledCircle.swift in Sources */ = {isa = PBXBuildFile; fileRef = 16A85D282A4D650D00F79B4E /* FilledCircle.swift */; };
		16A85D2B2A4D652600F79B4E /* FilmClutterContentView.swift in Sources */ = {isa = PBXBuildFile; fileRef = 16A85D2A2A4D652600F79B4E /* FilmClutterContentView.swift */; };
		16A85D2D2A4D65D600F79B4E /* FilmClutterEdgeView.swift in Sources */ = {isa = PBXBuildFile; fileRef = 16A85D2C2A4D65D600F79B4E /* FilmClutterEdgeView.swift */; };
		16A85D2F2A4D65FF00F79B4E /* FilmClutterProgressView.swift in Sources */ = {isa = PBXBuildFile; fileRef = 16A85D2E2A4D65FF00F79B4E /* FilmClutterProgressView.swift */; };
		16A85D312A4D661F00F79B4E /* FilmClutterView.swift in Sources */ = {isa = PBXBuildFile; fileRef = 16A85D302A4D661F00F79B4E /* FilmClutterView.swift */; };
		16A85D332A4D663B00F79B4E /* HolenViewMask.swift in Sources */ = {isa = PBXBuildFile; fileRef = 16A85D322A4D663B00F79B4E /* HolenViewMask.swift */; };
		16A85D352A4D664900F79B4E /* SightShape.swift in Sources */ = {isa = PBXBuildFile; fileRef = 16A85D342A4D664900F79B4E /* SightShape.swift */; };
/* End PBXBuildFile section */

/* Begin PBXFileReference section */
		16A85D102A4D63E600F79B4E /* CountdownFilmDisplay.app */ = {isa = PBXFileReference; explicitFileType = wrapper.application; includeInIndex = 0; path = CountdownFilmDisplay.app; sourceTree = BUILT_PRODUCTS_DIR; };
		16A85D132A4D63E600F79B4E /* CountdownFilmDisplayApp.swift */ = {isa = PBXFileReference; lastKnownFileType = sourcecode.swift; path = CountdownFilmDisplayApp.swift; sourceTree = "<group>"; };
		16A85D152A4D63E600F79B4E /* ContentView.swift */ = {isa = PBXFileReference; lastKnownFileType = sourcecode.swift; path = ContentView.swift; sourceTree = "<group>"; };
		16A85D172A4D63E800F79B4E /* Assets.xcassets */ = {isa = PBXFileReference; lastKnownFileType = folder.assetcatalog; path = Assets.xcassets; sourceTree = "<group>"; };
		16A85D1A2A4D63E800F79B4E /* Preview Assets.xcassets */ = {isa = PBXFileReference; lastKnownFileType = folder.assetcatalog; path = "Preview Assets.xcassets"; sourceTree = "<group>"; };
		16A85D242A4D645600F79B4E /* Color.swift */ = {isa = PBXFileReference; lastKnownFileType = sourcecode.swift; path = Color.swift; sourceTree = "<group>"; };
		16A85D262A4D64D100F79B4E /* FilmClutterViewModel.swift */ = {isa = PBXFileReference; lastKnownFileType = sourcecode.swift; path = FilmClutterViewModel.swift; sourceTree = "<group>"; };
		16A85D282A4D650D00F79B4E /* FilledCircle.swift */ = {isa = PBXFileReference; lastKnownFileType = sourcecode.swift; path = FilledCircle.swift; sourceTree = "<group>"; };
		16A85D2A2A4D652600F79B4E /* FilmClutterContentView.swift */ = {isa = PBXFileReference; lastKnownFileType = sourcecode.swift; path = FilmClutterContentView.swift; sourceTree = "<group>"; };
		16A85D2C2A4D65D600F79B4E /* FilmClutterEdgeView.swift */ = {isa = PBXFileReference; lastKnownFileType = sourcecode.swift; path = FilmClutterEdgeView.swift; sourceTree = "<group>"; };
		16A85D2E2A4D65FF00F79B4E /* FilmClutterProgressView.swift */ = {isa = PBXFileReference; lastKnownFileType = sourcecode.swift; path = FilmClutterProgressView.swift; sourceTree = "<group>"; };
		16A85D302A4D661F00F79B4E /* FilmClutterView.swift */ = {isa = PBXFileReference; lastKnownFileType = sourcecode.swift; path = FilmClutterView.swift; sourceTree = "<group>"; };
		16A85D322A4D663B00F79B4E /* HolenViewMask.swift */ = {isa = PBXFileReference; lastKnownFileType = sourcecode.swift; path = HolenViewMask.swift; sourceTree = "<group>"; };
		16A85D342A4D664900F79B4E /* SightShape.swift */ = {isa = PBXFileReference; lastKnownFileType = sourcecode.swift; path = SightShape.swift; sourceTree = "<group>"; };
/* End PBXFileReference section */

/* Begin PBXFrameworksBuildPhase section */
		16A85D0D2A4D63E600F79B4E /* Frameworks */ = {
			isa = PBXFrameworksBuildPhase;
			buildActionMask = 2147483647;
			files = (
			);
			runOnlyForDeploymentPostprocessing = 0;
		};
/* End PBXFrameworksBuildPhase section */

/* Begin PBXGroup section */
		16A85D072A4D63E600F79B4E = {
			isa = PBXGroup;
			children = (
				16A85D122A4D63E600F79B4E /* CountdownFilmDisplay */,
				16A85D112A4D63E600F79B4E /* Products */,
			);
			sourceTree = "<group>";
		};
		16A85D112A4D63E600F79B4E /* Products */ = {
			isa = PBXGroup;
			children = (
				16A85D102A4D63E600F79B4E /* CountdownFilmDisplay.app */,
			);
			name = Products;
			sourceTree = "<group>";
		};
		16A85D122A4D63E600F79B4E /* CountdownFilmDisplay */ = {
			isa = PBXGroup;
			children = (
				16A85D232A4D643E00F79B4E /* Extensions */,
				16A85D212A4D63F600F79B4E /* Models */,
				16A85D222A4D640600F79B4E /* Views */,
				16A85D132A4D63E600F79B4E /* CountdownFilmDisplayApp.swift */,
				16A85D172A4D63E800F79B4E /* Assets.xcassets */,
				16A85D192A4D63E800F79B4E /* Preview Content */,
			);
			path = CountdownFilmDisplay;
			sourceTree = "<group>";
		};
		16A85D192A4D63E800F79B4E /* Preview Content */ = {
			isa = PBXGroup;
			children = (
				16A85D1A2A4D63E800F79B4E /* Preview Assets.xcassets */,
			);
			path = "Preview Content";
			sourceTree = "<group>";
		};
		16A85D212A4D63F600F79B4E /* Models */ = {
			isa = PBXGroup;
			children = (
				16A85D262A4D64D100F79B4E /* FilmClutterViewModel.swift */,
			);
			path = Models;
			sourceTree = "<group>";
		};
		16A85D222A4D640600F79B4E /* Views */ = {
			isa = PBXGroup;
			children = (
				16A85D152A4D63E600F79B4E /* ContentView.swift */,
				16A85D282A4D650D00F79B4E /* FilledCircle.swift */,
				16A85D2A2A4D652600F79B4E /* FilmClutterContentView.swift */,
				16A85D2C2A4D65D600F79B4E /* FilmClutterEdgeView.swift */,
				16A85D2E2A4D65FF00F79B4E /* FilmClutterProgressView.swift */,
				16A85D302A4D661F00F79B4E /* FilmClutterView.swift */,
				16A85D322A4D663B00F79B4E /* HolenViewMask.swift */,
				16A85D342A4D664900F79B4E /* SightShape.swift */,
			);
			path = Views;
			sourceTree = "<group>";
		};
		16A85D232A4D643E00F79B4E /* Extensions */ = {
			isa = PBXGroup;
			children = (
				16A85D242A4D645600F79B4E /* Color.swift */,
			);
			path = Extensions;
			sourceTree = "<group>";
		};
/* End PBXGroup section */

/* Begin PBXNativeTarget section */
		16A85D0F2A4D63E600F79B4E /* CountdownFilmDisplay */ = {
			isa = PBXNativeTarget;
			buildConfigurationList = 16A85D1E2A4D63E800F79B4E /* Build configuration list for PBXNativeTarget "CountdownFilmDisplay" */;
			buildPhases = (
				16A85D0C2A4D63E600F79B4E /* Sources */,
				16A85D0D2A4D63E600F79B4E /* Frameworks */,
				16A85D0E2A4D63E600F79B4E /* Resources */,
			);
			buildRules = (
			);
			dependencies = (
			);
			name = CountdownFilmDisplay;
			productName = CountdownFilmDisplay;
			productReference = 16A85D102A4D63E600F79B4E /* CountdownFilmDisplay.app */;
			productType = "com.apple.product-type.application";
		};
/* End PBXNativeTarget section */

/* Begin PBXProject section */
		16A85D082A4D63E600F79B4E /* Project object */ = {
			isa = PBXProject;
			attributes = {
				BuildIndependentTargetsInParallel = 1;
				LastSwiftUpdateCheck = 1430;
				LastUpgradeCheck = 1430;
				TargetAttributes = {
					16A85D0F2A4D63E600F79B4E = {
						CreatedOnToolsVersion = 14.3.1;
					};
				};
			};
			buildConfigurationList = 16A85D0B2A4D63E600F79B4E /* Build configuration list for PBXProject "CountdownFilmDisplay" */;
			compatibilityVersion = "Xcode 14.0";
			developmentRegion = en;
			hasScannedForEncodings = 0;
			knownRegions = (
				en,
				Base,
			);
			mainGroup = 16A85D072A4D63E600F79B4E;
			productRefGroup = 16A85D112A4D63E600F79B4E /* Products */;
			projectDirPath = "";
			projectRoot = "";
			targets = (
				16A85D0F2A4D63E600F79B4E /* CountdownFilmDisplay */,
			);
		};
/* End PBXProject section */

/* Begin PBXResourcesBuildPhase section */
		16A85D0E2A4D63E600F79B4E /* Resources */ = {
			isa = PBXResourcesBuildPhase;
			buildActionMask = 2147483647;
			files = (
				16A85D1B2A4D63E800F79B4E /* Preview Assets.xcassets in Resources */,
				16A85D182A4D63E800F79B4E /* Assets.xcassets in Resources */,
			);
			runOnlyForDeploymentPostprocessing = 0;
		};
/* End PBXResourcesBuildPhase section */

/* Begin PBXSourcesBuildPhase section */
		16A85D0C2A4D63E600F79B4E /* Sources */ = {
			isa = PBXSourcesBuildPhase;
			buildActionMask = 2147483647;
			files = (
				16A85D2D2A4D65D600F79B4E /* FilmClutterEdgeView.swift in Sources */,
				16A85D272A4D64D100F79B4E /* FilmClutterViewModel.swift in Sources */,
				16A85D162A4D63E600F79B4E /* ContentView.swift in Sources */,
				16A85D2F2A4D65FF00F79B4E /* FilmClutterProgressView.swift in Sources */,
				16A85D292A4D650D00F79B4E /* FilledCircle.swift in Sources */,
				16A85D142A4D63E600F79B4E /* CountdownFilmDisplayApp.swift in Sources */,
				16A85D312A4D661F00F79B4E /* FilmClutterView.swift in Sources */,
				16A85D332A4D663B00F79B4E /* HolenViewMask.swift in Sources */,
				16A85D2B2A4D652600F79B4E /* FilmClutterContentView.swift in Sources */,
				16A85D252A4D645600F79B4E /* Color.swift in Sources */,
				16A85D352A4D664900F79B4E /* SightShape.swift in Sources */,
			);
			runOnlyForDeploymentPostprocessing = 0;
		};
/* End PBXSourcesBuildPhase section */

/* Begin XCBuildConfiguration section */
		16A85D1C2A4D63E800F79B4E /* Debug */ = {
			isa = XCBuildConfiguration;
			buildSettings = {
				ALWAYS_SEARCH_USER_PATHS = NO;
				CLANG_ANALYZER_NONNULL = YES;
				CLANG_ANALYZER_NUMBER_OBJECT_CONVERSION = YES_AGGRESSIVE;
				CLANG_CXX_LANGUAGE_STANDARD = "gnu++20";
				CLANG_ENABLE_MODULES = YES;
				CLANG_ENABLE_OBJC_ARC = YES;
				CLANG_ENABLE_OBJC_WEAK = YES;
				CLANG_WARN_BLOCK_CAPTURE_AUTORELEASING = YES;
				CLANG_WARN_BOOL_CONVERSION = YES;
				CLANG_WARN_COMMA = YES;
				CLANG_WARN_CONSTANT_CONVERSION = YES;
				CLANG_WARN_DEPRECATED_OBJC_IMPLEMENTATIONS = YES;
				CLANG_WARN_DIRECT_OBJC_ISA_USAGE = YES_ERROR;
				CLANG_WARN_DOCUMENTATION_COMMENTS = YES;
				CLANG_WARN_EMPTY_BODY = YES;
				CLANG_WARN_ENUM_CONVERSION = YES;
				CLANG_WARN_INFINITE_RECURSION = YES;
				CLANG_WARN_INT_CONVERSION = YES;
				CLANG_WARN_NON_LITERAL_NULL_CONVERSION = YES;
				CLANG_WARN_OBJC_IMPLICIT_RETAIN_SELF = YES;
				CLANG_WARN_OBJC_LITERAL_CONVERSION = YES;
				CLANG_WARN_OBJC_ROOT_CLASS = YES_ERROR;
				CLANG_WARN_QUOTED_INCLUDE_IN_FRAMEWORK_HEADER = YES;
				CLANG_WARN_RANGE_LOOP_ANALYSIS = YES;
				CLANG_WARN_STRICT_PROTOTYPES = YES;
				CLANG_WARN_SUSPICIOUS_MOVE = YES;
				CLANG_WARN_UNGUARDED_AVAILABILITY = YES_AGGRESSIVE;
				CLANG_WARN_UNREACHABLE_CODE = YES;
				CLANG_WARN__DUPLICATE_METHOD_MATCH = YES;
				COPY_PHASE_STRIP = NO;
				DEBUG_INFORMATION_FORMAT = dwarf;
				ENABLE_STRICT_OBJC_MSGSEND = YES;
				ENABLE_TESTABILITY = YES;
				GCC_C_LANGUAGE_STANDARD = gnu11;
				GCC_DYNAMIC_NO_PIC = NO;
				GCC_NO_COMMON_BLOCKS = YES;
				GCC_OPTIMIZATION_LEVEL = 0;
				GCC_PREPROCESSOR_DEFINITIONS = (
					"DEBUG=1",
					"$(inherited)",
				);
				GCC_WARN_64_TO_32_BIT_CONVERSION = YES;
				GCC_WARN_ABOUT_RETURN_TYPE = YES_ERROR;
				GCC_WARN_UNDECLARED_SELECTOR = YES;
				GCC_WARN_UNINITIALIZED_AUTOS = YES_AGGRESSIVE;
				GCC_WARN_UNUSED_FUNCTION = YES;
				GCC_WARN_UNUSED_VARIABLE = YES;
				IPHONEOS_DEPLOYMENT_TARGET = 16.4;
				MTL_ENABLE_DEBUG_INFO = INCLUDE_SOURCE;
				MTL_FAST_MATH = YES;
				ONLY_ACTIVE_ARCH = YES;
				SDKROOT = iphoneos;
				SWIFT_ACTIVE_COMPILATION_CONDITIONS = DEBUG;
				SWIFT_OPTIMIZATION_LEVEL = "-Onone";
			};
			name = Debug;
		};
		16A85D1D2A4D63E800F79B4E /* Release */ = {
			isa = XCBuildConfiguration;
			buildSettings = {
				ALWAYS_SEARCH_USER_PATHS = NO;
				CLANG_ANALYZER_NONNULL = YES;
				CLANG_ANALYZER_NUMBER_OBJECT_CONVERSION = YES_AGGRESSIVE;
				CLANG_CXX_LANGUAGE_STANDARD = "gnu++20";
				CLANG_ENABLE_MODULES = YES;
				CLANG_ENABLE_OBJC_ARC = YES;
				CLANG_ENABLE_OBJC_WEAK = YES;
				CLANG_WARN_BLOCK_CAPTURE_AUTORELEASING = YES;
				CLANG_WARN_BOOL_CONVERSION = YES;
				CLANG_WARN_COMMA = YES;
				CLANG_WARN_CONSTANT_CONVERSION = YES;
				CLANG_WARN_DEPRECATED_OBJC_IMPLEMENTATIONS = YES;
				CLANG_WARN_DIRECT_OBJC_ISA_USAGE = YES_ERROR;
				CLANG_WARN_DOCUMENTATION_COMMENTS = YES;
				CLANG_WARN_EMPTY_BODY = YES;
				CLANG_WARN_ENUM_CONVERSION = YES;
				CLANG_WARN_INFINITE_RECURSION = YES;
				CLANG_WARN_INT_CONVERSION = YES;
				CLANG_WARN_NON_LITERAL_NULL_CONVERSION = YES;
				CLANG_WARN_OBJC_IMPLICIT_RETAIN_SELF = YES;
				CLANG_WARN_OBJC_LITERAL_CONVERSION = YES;
				CLANG_WARN_OBJC_ROOT_CLASS = YES_ERROR;
				CLANG_WARN_QUOTED_INCLUDE_IN_FRAMEWORK_HEADER = YES;
				CLANG_WARN_RANGE_LOOP_ANALYSIS = YES;
				CLANG_WARN_STRICT_PROTOTYPES = YES;
				CLANG_WARN_SUSPICIOUS_MOVE = YES;
				CLANG_WARN_UNGUARDED_AVAILABILITY = YES_AGGRESSIVE;
				CLANG_WARN_UNREACHABLE_CODE = YES;
				CLANG_WARN__DUPLICATE_METHOD_MATCH = YES;
				COPY_PHASE_STRIP = NO;
				DEBUG_INFORMATION_FORMAT = "dwarf-with-dsym";
				ENABLE_NS_ASSERTIONS = NO;
				ENABLE_STRICT_OBJC_MSGSEND = YES;
				GCC_C_LANGUAGE_STANDARD = gnu11;
				GCC_NO_COMMON_BLOCKS = YES;
				GCC_WARN_64_TO_32_BIT_CONVERSION = YES;
				GCC_WARN_ABOUT_RETURN_TYPE = YES_ERROR;
				GCC_WARN_UNDECLARED_SELECTOR = YES;
				GCC_WARN_UNINITIALIZED_AUTOS = YES_AGGRESSIVE;
				GCC_WARN_UNUSED_FUNCTION = YES;
				GCC_WARN_UNUSED_VARIABLE = YES;
				IPHONEOS_DEPLOYMENT_TARGET = 16.4;
				MTL_ENABLE_DEBUG_INFO = NO;
				MTL_FAST_MATH = YES;
				SDKROOT = iphoneos;
				SWIFT_COMPILATION_MODE = wholemodule;
				SWIFT_OPTIMIZATION_LEVEL = "-O";
				VALIDATE_PRODUCT = YES;
			};
			name = Release;
		};
		16A85D1F2A4D63E800F79B4E /* Debug */ = {
			isa = XCBuildConfiguration;
			buildSettings = {
				ASSETCATALOG_COMPILER_APPICON_NAME = AppIcon;
				ASSETCATALOG_COMPILER_GLOBAL_ACCENT_COLOR_NAME = AccentColor;
				CODE_SIGN_STYLE = Automatic;
				CURRENT_PROJECT_VERSION = 1;
				DEVELOPMENT_ASSET_PATHS = "\"CountdownFilmDisplay/Preview Content\"";
				ENABLE_PREVIEWS = YES;
				GENERATE_INFOPLIST_FILE = YES;
				INFOPLIST_KEY_UIApplicationSceneManifest_Generation = YES;
				INFOPLIST_KEY_UIApplicationSupportsIndirectInputEvents = YES;
				INFOPLIST_KEY_UILaunchScreen_Generation = YES;
				INFOPLIST_KEY_UISupportedInterfaceOrientations_iPad = "UIInterfaceOrientationPortrait UIInterfaceOrientationPortraitUpsideDown UIInterfaceOrientationLandscapeLeft UIInterfaceOrientationLandscapeRight";
				INFOPLIST_KEY_UISupportedInterfaceOrientations_iPhone = "UIInterfaceOrientationPortrait UIInterfaceOrientationLandscapeLeft UIInterfaceOrientationLandscapeRight";
				LD_RUNPATH_SEARCH_PATHS = (
					"$(inherited)",
					"@executable_path/Frameworks",
				);
				MARKETING_VERSION = 1.0;
				PRODUCT_BUNDLE_IDENTIFIER = com.hiroDaegu.CountdownFilmDisplay;
				PRODUCT_NAME = "$(TARGET_NAME)";
				SWIFT_EMIT_LOC_STRINGS = YES;
				SWIFT_VERSION = 5.0;
				TARGETED_DEVICE_FAMILY = "1,2";
			};
			name = Debug;
		};
		16A85D202A4D63E800F79B4E /* Release */ = {
			isa = XCBuildConfiguration;
			buildSettings = {
				ASSETCATALOG_COMPILER_APPICON_NAME = AppIcon;
				ASSETCATALOG_COMPILER_GLOBAL_ACCENT_COLOR_NAME = AccentColor;
				CODE_SIGN_STYLE = Automatic;
				CURRENT_PROJECT_VERSION = 1;
				DEVELOPMENT_ASSET_PATHS = "\"CountdownFilmDisplay/Preview Content\"";
				ENABLE_PREVIEWS = YES;
				GENERATE_INFOPLIST_FILE = YES;
				INFOPLIST_KEY_UIApplicationSceneManifest_Generation = YES;
				INFOPLIST_KEY_UIApplicationSupportsIndirectInputEvents = YES;
				INFOPLIST_KEY_UILaunchScreen_Generation = YES;
				INFOPLIST_KEY_UISupportedInterfaceOrientations_iPad = "UIInterfaceOrientationPortrait UIInterfaceOrientationPortraitUpsideDown UIInterfaceOrientationLandscapeLeft UIInterfaceOrientationLandscapeRight";
				INFOPLIST_KEY_UISupportedInterfaceOrientations_iPhone = "UIInterfaceOrientationPortrait UIInterfaceOrientationLandscapeLeft UIInterfaceOrientationLandscapeRight";
				LD_RUNPATH_SEARCH_PATHS = (
					"$(inherited)",
					"@executable_path/Frameworks",
				);
				MARKETING_VERSION = 1.0;
				PRODUCT_BUNDLE_IDENTIFIER = com.hiroDaegu.CountdownFilmDisplay;
				PRODUCT_NAME = "$(TARGET_NAME)";
				SWIFT_EMIT_LOC_STRINGS = YES;
				SWIFT_VERSION = 5.0;
				TARGETED_DEVICE_FAMILY = "1,2";
			};
			name = Release;
		};
/* End XCBuildConfiguration section */

/* Begin XCConfigurationList section */
		16A85D0B2A4D63E600F79B4E /* Build configuration list for PBXProject "CountdownFilmDisplay" */ = {
			isa = XCConfigurationList;
			buildConfigurations = (
				16A85D1C2A4D63E800F79B4E /* Debug */,
				16A85D1D2A4D63E800F79B4E /* Release */,
			);
			defaultConfigurationIsVisible = 0;
			defaultConfigurationName = Release;
		};
		16A85D1E2A4D63E800F79B4E /* Build configuration list for PBXNativeTarget "CountdownFilmDisplay" */ = {
			isa = XCConfigurationList;
			buildConfigurations = (
				16A85D1F2A4D63E800F79B4E /* Debug */,
				16A85D202A4D63E800F79B4E /* Release */,
			);
			defaultConfigurationIsVisible = 0;
			defaultConfigurationName = Release;
		};
/* End XCConfigurationList section */
	};
	rootObject = 16A85D082A4D63E600F79B4E /* Project object */;
}
