// !$*UTF8*$!
{
	archiveVersion = 1;
	classes = {
	};
	objectVersion = 56;
	objects = {

/* Begin PBXBuildFile section */
		1602119C2950235900C7C887 /* AppDelegate.swift in Sources */ = {isa = PBXBuildFile; fileRef = 1602119B2950235900C7C887 /* AppDelegate.swift */; };
		1602119E2950235900C7C887 /* SceneDelegate.swift in Sources */ = {isa = PBXBuildFile; fileRef = 1602119D2950235900C7C887 /* SceneDelegate.swift */; };
		160211A32950235900C7C887 /* Main.storyboard in Resources */ = {isa = PBXBuildFile; fileRef = 160211A12950235900C7C887 /* Main.storyboard */; };
		160211A52950235A00C7C887 /* Assets.xcassets in Resources */ = {isa = PBXBuildFile; fileRef = 160211A42950235A00C7C887 /* Assets.xcassets */; };
		160211A82950235A00C7C887 /* LaunchScreen.storyboard in Resources */ = {isa = PBXBuildFile; fileRef = 160211A62950235A00C7C887 /* LaunchScreen.storyboard */; };
		160211B02950255400C7C887 /* AlertListViewControll.swift in Sources */ = {isa = PBXBuildFile; fileRef = 160211AF2950255400C7C887 /* AlertListViewControll.swift */; };
		160211B52950272000C7C887 /* AlertListCell.swift in Sources */ = {isa = PBXBuildFile; fileRef = 160211B32950272000C7C887 /* AlertListCell.swift */; };
		160211B62950272000C7C887 /* AlertListCell.xib in Resources */ = {isa = PBXBuildFile; fileRef = 160211B42950272000C7C887 /* AlertListCell.xib */; };
		160211B82950293100C7C887 /* Alert.swift in Sources */ = {isa = PBXBuildFile; fileRef = 160211B72950293100C7C887 /* Alert.swift */; };
		160211BA29502E1600C7C887 /* AddAlertViewController.swift in Sources */ = {isa = PBXBuildFile; fileRef = 160211B929502E1600C7C887 /* AddAlertViewController.swift */; };
		160211BC29503E7000C7C887 /* UNNotificationCenter.swift in Sources */ = {isa = PBXBuildFile; fileRef = 160211BB29503E7000C7C887 /* UNNotificationCenter.swift */; };
/* End PBXBuildFile section */

/* Begin PBXFileReference section */
		160211982950235900C7C887 /* MyTwentiethiOS.app */ = {isa = PBXFileReference; explicitFileType = wrapper.application; includeInIndex = 0; path = MyTwentiethiOS.app; sourceTree = BUILT_PRODUCTS_DIR; };
		1602119B2950235900C7C887 /* AppDelegate.swift */ = {isa = PBXFileReference; lastKnownFileType = sourcecode.swift; path = AppDelegate.swift; sourceTree = "<group>"; };
		1602119D2950235900C7C887 /* SceneDelegate.swift */ = {isa = PBXFileReference; lastKnownFileType = sourcecode.swift; path = SceneDelegate.swift; sourceTree = "<group>"; };
		160211A22950235900C7C887 /* Base */ = {isa = PBXFileReference; lastKnownFileType = file.storyboard; name = Base; path = Base.lproj/Main.storyboard; sourceTree = "<group>"; };
		160211A42950235A00C7C887 /* Assets.xcassets */ = {isa = PBXFileReference; lastKnownFileType = folder.assetcatalog; path = Assets.xcassets; sourceTree = "<group>"; };
		160211A72950235A00C7C887 /* Base */ = {isa = PBXFileReference; lastKnownFileType = file.storyboard; name = Base; path = Base.lproj/LaunchScreen.storyboard; sourceTree = "<group>"; };
		160211A92950235A00C7C887 /* Info.plist */ = {isa = PBXFileReference; lastKnownFileType = text.plist.xml; path = Info.plist; sourceTree = "<group>"; };
		160211AF2950255400C7C887 /* AlertListViewControll.swift */ = {isa = PBXFileReference; lastKnownFileType = sourcecode.swift; path = AlertListViewControll.swift; sourceTree = "<group>"; };
		160211B32950272000C7C887 /* AlertListCell.swift */ = {isa = PBXFileReference; lastKnownFileType = sourcecode.swift; path = AlertListCell.swift; sourceTree = "<group>"; };
		160211B42950272000C7C887 /* AlertListCell.xib */ = {isa = PBXFileReference; lastKnownFileType = file.xib; path = AlertListCell.xib; sourceTree = "<group>"; };
		160211B72950293100C7C887 /* Alert.swift */ = {isa = PBXFileReference; lastKnownFileType = sourcecode.swift; path = Alert.swift; sourceTree = "<group>"; };
		160211B929502E1600C7C887 /* AddAlertViewController.swift */ = {isa = PBXFileReference; lastKnownFileType = sourcecode.swift; path = AddAlertViewController.swift; sourceTree = "<group>"; };
		160211BB29503E7000C7C887 /* UNNotificationCenter.swift */ = {isa = PBXFileReference; lastKnownFileType = sourcecode.swift; path = UNNotificationCenter.swift; sourceTree = "<group>"; };
/* End PBXFileReference section */

/* Begin PBXFrameworksBuildPhase section */
		160211952950235900C7C887 /* Frameworks */ = {
			isa = PBXFrameworksBuildPhase;
			buildActionMask = 2147483647;
			files = (
			);
			runOnlyForDeploymentPostprocessing = 0;
		};
/* End PBXFrameworksBuildPhase section */

/* Begin PBXGroup section */
		1602118F2950235900C7C887 = {
			isa = PBXGroup;
			children = (
				1602119A2950235900C7C887 /* MyTwentiethiOS */,
				160211992950235900C7C887 /* Products */,
			);
			sourceTree = "<group>";
		};
		160211992950235900C7C887 /* Products */ = {
			isa = PBXGroup;
			children = (
				160211982950235900C7C887 /* MyTwentiethiOS.app */,
			);
			name = Products;
			sourceTree = "<group>";
		};
		1602119A2950235900C7C887 /* MyTwentiethiOS */ = {
			isa = PBXGroup;
			children = (
				1602119B2950235900C7C887 /* AppDelegate.swift */,
				1602119D2950235900C7C887 /* SceneDelegate.swift */,
				160211A12950235900C7C887 /* Main.storyboard */,
				160211A42950235A00C7C887 /* Assets.xcassets */,
				160211A62950235A00C7C887 /* LaunchScreen.storyboard */,
				160211A92950235A00C7C887 /* Info.plist */,
				160211AF2950255400C7C887 /* AlertListViewControll.swift */,
				160211B32950272000C7C887 /* AlertListCell.swift */,
				160211B42950272000C7C887 /* AlertListCell.xib */,
				160211B72950293100C7C887 /* Alert.swift */,
				160211B929502E1600C7C887 /* AddAlertViewController.swift */,
				160211BB29503E7000C7C887 /* UNNotificationCenter.swift */,
			);
			path = MyTwentiethiOS;
			sourceTree = "<group>";
		};
/* End PBXGroup section */

/* Begin PBXNativeTarget section */
		160211972950235900C7C887 /* MyTwentiethiOS */ = {
			isa = PBXNativeTarget;
			buildConfigurationList = 160211AC2950235A00C7C887 /* Build configuration list for PBXNativeTarget "MyTwentiethiOS" */;
			buildPhases = (
				160211942950235900C7C887 /* Sources */,
				160211952950235900C7C887 /* Frameworks */,
				160211962950235900C7C887 /* Resources */,
			);
			buildRules = (
			);
			dependencies = (
			);
			name = MyTwentiethiOS;
			productName = MyTwentiethiOS;
			productReference = 160211982950235900C7C887 /* MyTwentiethiOS.app */;
			productType = "com.apple.product-type.application";
		};
/* End PBXNativeTarget section */

/* Begin PBXProject section */
		160211902950235900C7C887 /* Project object */ = {
			isa = PBXProject;
			attributes = {
				BuildIndependentTargetsInParallel = 1;
				LastSwiftUpdateCheck = 1420;
				LastUpgradeCheck = 1420;
				TargetAttributes = {
					160211972950235900C7C887 = {
						CreatedOnToolsVersion = 14.2;
					};
				};
			};
			buildConfigurationList = 160211932950235900C7C887 /* Build configuration list for PBXProject "MyTwentiethiOS" */;
			compatibilityVersion = "Xcode 14.0";
			developmentRegion = en;
			hasScannedForEncodings = 0;
			knownRegions = (
				en,
				Base,
			);
			mainGroup = 1602118F2950235900C7C887;
			productRefGroup = 160211992950235900C7C887 /* Products */;
			projectDirPath = "";
			projectRoot = "";
			targets = (
				160211972950235900C7C887 /* MyTwentiethiOS */,
			);
		};
/* End PBXProject section */

/* Begin PBXResourcesBuildPhase section */
		160211962950235900C7C887 /* Resources */ = {
			isa = PBXResourcesBuildPhase;
			buildActionMask = 2147483647;
			files = (
				160211A82950235A00C7C887 /* LaunchScreen.storyboard in Resources */,
				160211A52950235A00C7C887 /* Assets.xcassets in Resources */,
				160211B62950272000C7C887 /* AlertListCell.xib in Resources */,
				160211A32950235900C7C887 /* Main.storyboard in Resources */,
			);
			runOnlyForDeploymentPostprocessing = 0;
		};
/* End PBXResourcesBuildPhase section */

/* Begin PBXSourcesBuildPhase section */
		160211942950235900C7C887 /* Sources */ = {
			isa = PBXSourcesBuildPhase;
			buildActionMask = 2147483647;
			files = (
				1602119C2950235900C7C887 /* AppDelegate.swift in Sources */,
				1602119E2950235900C7C887 /* SceneDelegate.swift in Sources */,
				160211B52950272000C7C887 /* AlertListCell.swift in Sources */,
				160211B82950293100C7C887 /* Alert.swift in Sources */,
				160211B02950255400C7C887 /* AlertListViewControll.swift in Sources */,
				160211BC29503E7000C7C887 /* UNNotificationCenter.swift in Sources */,
				160211BA29502E1600C7C887 /* AddAlertViewController.swift in Sources */,
			);
			runOnlyForDeploymentPostprocessing = 0;
		};
/* End PBXSourcesBuildPhase section */

/* Begin PBXVariantGroup section */
		160211A12950235900C7C887 /* Main.storyboard */ = {
			isa = PBXVariantGroup;
			children = (
				160211A22950235900C7C887 /* Base */,
			);
			name = Main.storyboard;
			sourceTree = "<group>";
		};
		160211A62950235A00C7C887 /* LaunchScreen.storyboard */ = {
			isa = PBXVariantGroup;
			children = (
				160211A72950235A00C7C887 /* Base */,
			);
			name = LaunchScreen.storyboard;
			sourceTree = "<group>";
		};
/* End PBXVariantGroup section */

/* Begin XCBuildConfiguration section */
		160211AA2950235A00C7C887 /* Debug */ = {
			isa = XCBuildConfiguration;
			buildSettings = {
				ALWAYS_SEARCH_USER_PATHS = NO;
				CLANG_ANALYZER_NONNULL = YES;
				CLANG_ANALYZER_NUMBER_OBJECT_CONVERSION = YES_AGGRESSIVE;
				CLANG_CXX_LANGUAGE_STANDARD = "gnu++20";
				CLANG_ENABLE_MODULES = YES;
				CLANG_ENABLE_OBJC_ARC = YES;
				CLANG_ENABLE_OBJC_WEAK = YES;
				CLANG_WARN_BLOCK_CAPTURE_AUTORELEASING = YES;
				CLANG_WARN_BOOL_CONVERSION = YES;
				CLANG_WARN_COMMA = YES;
				CLANG_WARN_CONSTANT_CONVERSION = YES;
				CLANG_WARN_DEPRECATED_OBJC_IMPLEMENTATIONS = YES;
				CLANG_WARN_DIRECT_OBJC_ISA_USAGE = YES_ERROR;
				CLANG_WARN_DOCUMENTATION_COMMENTS = YES;
				CLANG_WARN_EMPTY_BODY = YES;
				CLANG_WARN_ENUM_CONVERSION = YES;
				CLANG_WARN_INFINITE_RECURSION = YES;
				CLANG_WARN_INT_CONVERSION = YES;
				CLANG_WARN_NON_LITERAL_NULL_CONVERSION = YES;
				CLANG_WARN_OBJC_IMPLICIT_RETAIN_SELF = YES;
				CLANG_WARN_OBJC_LITERAL_CONVERSION = YES;
				CLANG_WARN_OBJC_ROOT_CLASS = YES_ERROR;
				CLANG_WARN_QUOTED_INCLUDE_IN_FRAMEWORK_HEADER = YES;
				CLANG_WARN_RANGE_LOOP_ANALYSIS = YES;
				CLANG_WARN_STRICT_PROTOTYPES = YES;
				CLANG_WARN_SUSPICIOUS_MOVE = YES;
				CLANG_WARN_UNGUARDED_AVAILABILITY = YES_AGGRESSIVE;
				CLANG_WARN_UNREACHABLE_CODE = YES;
				CLANG_WARN__DUPLICATE_METHOD_MATCH = YES;
				COPY_PHASE_STRIP = NO;
				DEBUG_INFORMATION_FORMAT = dwarf;
				ENABLE_STRICT_OBJC_MSGSEND = YES;
				ENABLE_TESTABILITY = YES;
				GCC_C_LANGUAGE_STANDARD = gnu11;
				GCC_DYNAMIC_NO_PIC = NO;
				GCC_NO_COMMON_BLOCKS = YES;
				GCC_OPTIMIZATION_LEVEL = 0;
				GCC_PREPROCESSOR_DEFINITIONS = (
					"DEBUG=1",
					"$(inherited)",
				);
				GCC_WARN_64_TO_32_BIT_CONVERSION = YES;
				GCC_WARN_ABOUT_RETURN_TYPE = YES_ERROR;
				GCC_WARN_UNDECLARED_SELECTOR = YES;
				GCC_WARN_UNINITIALIZED_AUTOS = YES_AGGRESSIVE;
				GCC_WARN_UNUSED_FUNCTION = YES;
				GCC_WARN_UNUSED_VARIABLE = YES;
				IPHONEOS_DEPLOYMENT_TARGET = 16.2;
				MTL_ENABLE_DEBUG_INFO = INCLUDE_SOURCE;
				MTL_FAST_MATH = YES;
				ONLY_ACTIVE_ARCH = YES;
				SDKROOT = iphoneos;
				SWIFT_ACTIVE_COMPILATION_CONDITIONS = DEBUG;
				SWIFT_OPTIMIZATION_LEVEL = "-Onone";
			};
			name = Debug;
		};
		160211AB2950235A00C7C887 /* Release */ = {
			isa = XCBuildConfiguration;
			buildSettings = {
				ALWAYS_SEARCH_USER_PATHS = NO;
				CLANG_ANALYZER_NONNULL = YES;
				CLANG_ANALYZER_NUMBER_OBJECT_CONVERSION = YES_AGGRESSIVE;
				CLANG_CXX_LANGUAGE_STANDARD = "gnu++20";
				CLANG_ENABLE_MODULES = YES;
				CLANG_ENABLE_OBJC_ARC = YES;
				CLANG_ENABLE_OBJC_WEAK = YES;
				CLANG_WARN_BLOCK_CAPTURE_AUTORELEASING = YES;
				CLANG_WARN_BOOL_CONVERSION = YES;
				CLANG_WARN_COMMA = YES;
				CLANG_WARN_CONSTANT_CONVERSION = YES;
				CLANG_WARN_DEPRECATED_OBJC_IMPLEMENTATIONS = YES;
				CLANG_WARN_DIRECT_OBJC_ISA_USAGE = YES_ERROR;
				CLANG_WARN_DOCUMENTATION_COMMENTS = YES;
				CLANG_WARN_EMPTY_BODY = YES;
				CLANG_WARN_ENUM_CONVERSION = YES;
				CLANG_WARN_INFINITE_RECURSION = YES;
				CLANG_WARN_INT_CONVERSION = YES;
				CLANG_WARN_NON_LITERAL_NULL_CONVERSION = YES;
				CLANG_WARN_OBJC_IMPLICIT_RETAIN_SELF = YES;
				CLANG_WARN_OBJC_LITERAL_CONVERSION = YES;
				CLANG_WARN_OBJC_ROOT_CLASS = YES_ERROR;
				CLANG_WARN_QUOTED_INCLUDE_IN_FRAMEWORK_HEADER = YES;
				CLANG_WARN_RANGE_LOOP_ANALYSIS = YES;
				CLANG_WARN_STRICT_PROTOTYPES = YES;
				CLANG_WARN_SUSPICIOUS_MOVE = YES;
				CLANG_WARN_UNGUARDED_AVAILABILITY = YES_AGGRESSIVE;
				CLANG_WARN_UNREACHABLE_CODE = YES;
				CLANG_WARN__DUPLICATE_METHOD_MATCH = YES;
				COPY_PHASE_STRIP = NO;
				DEBUG_INFORMATION_FORMAT = "dwarf-with-dsym";
				ENABLE_NS_ASSERTIONS = NO;
				ENABLE_STRICT_OBJC_MSGSEND = YES;
				GCC_C_LANGUAGE_STANDARD = gnu11;
				GCC_NO_COMMON_BLOCKS = YES;
				GCC_WARN_64_TO_32_BIT_CONVERSION = YES;
				GCC_WARN_ABOUT_RETURN_TYPE = YES_ERROR;
				GCC_WARN_UNDECLARED_SELECTOR = YES;
				GCC_WARN_UNINITIALIZED_AUTOS = YES_AGGRESSIVE;
				GCC_WARN_UNUSED_FUNCTION = YES;
				GCC_WARN_UNUSED_VARIABLE = YES;
				IPHONEOS_DEPLOYMENT_TARGET = 16.2;
				MTL_ENABLE_DEBUG_INFO = NO;
				MTL_FAST_MATH = YES;
				SDKROOT = iphoneos;
				SWIFT_COMPILATION_MODE = wholemodule;
				SWIFT_OPTIMIZATION_LEVEL = "-O";
				VALIDATE_PRODUCT = YES;
			};
			name = Release;
		};
		160211AD2950235A00C7C887 /* Debug */ = {
			isa = XCBuildConfiguration;
			buildSettings = {
				ASSETCATALOG_COMPILER_APPICON_NAME = AppIcon;
				ASSETCATALOG_COMPILER_GLOBAL_ACCENT_COLOR_NAME = AccentColor;
				CODE_SIGN_STYLE = Automatic;
				CURRENT_PROJECT_VERSION = 1;
				GENERATE_INFOPLIST_FILE = YES;
				INFOPLIST_FILE = MyTwentiethiOS/Info.plist;
				INFOPLIST_KEY_UIApplicationSupportsIndirectInputEvents = YES;
				INFOPLIST_KEY_UILaunchStoryboardName = LaunchScreen;
				INFOPLIST_KEY_UIMainStoryboardFile = Main;
				INFOPLIST_KEY_UISupportedInterfaceOrientations_iPad = "UIInterfaceOrientationPortrait UIInterfaceOrientationPortraitUpsideDown UIInterfaceOrientationLandscapeLeft UIInterfaceOrientationLandscapeRight";
				INFOPLIST_KEY_UISupportedInterfaceOrientations_iPhone = "UIInterfaceOrientationPortrait UIInterfaceOrientationLandscapeLeft UIInterfaceOrientationLandscapeRight";
				LD_RUNPATH_SEARCH_PATHS = (
					"$(inherited)",
					"@executable_path/Frameworks",
				);
				MARKETING_VERSION = 1.0;
				PRODUCT_BUNDLE_IDENTIFIER = com.hirorich.MyTwentiethiOS;
				PRODUCT_NAME = "$(TARGET_NAME)";
				SWIFT_EMIT_LOC_STRINGS = YES;
				SWIFT_VERSION = 5.0;
				TARGETED_DEVICE_FAMILY = "1,2";
			};
			name = Debug;
		};
		160211AE2950235A00C7C887 /* Release */ = {
			isa = XCBuildConfiguration;
			buildSettings = {
				ASSETCATALOG_COMPILER_APPICON_NAME = AppIcon;
				ASSETCATALOG_COMPILER_GLOBAL_ACCENT_COLOR_NAME = AccentColor;
				CODE_SIGN_STYLE = Automatic;
				CURRENT_PROJECT_VERSION = 1;
				GENERATE_INFOPLIST_FILE = YES;
				INFOPLIST_FILE = MyTwentiethiOS/Info.plist;
				INFOPLIST_KEY_UIApplicationSupportsIndirectInputEvents = YES;
				INFOPLIST_KEY_UILaunchStoryboardName = LaunchScreen;
				INFOPLIST_KEY_UIMainStoryboardFile = Main;
				INFOPLIST_KEY_UISupportedInterfaceOrientations_iPad = "UIInterfaceOrientationPortrait UIInterfaceOrientationPortraitUpsideDown UIInterfaceOrientationLandscapeLeft UIInterfaceOrientationLandscapeRight";
				INFOPLIST_KEY_UISupportedInterfaceOrientations_iPhone = "UIInterfaceOrientationPortrait UIInterfaceOrientationLandscapeLeft UIInterfaceOrientationLandscapeRight";
				LD_RUNPATH_SEARCH_PATHS = (
					"$(inherited)",
					"@executable_path/Frameworks",
				);
				MARKETING_VERSION = 1.0;
				PRODUCT_BUNDLE_IDENTIFIER = com.hirorich.MyTwentiethiOS;
				PRODUCT_NAME = "$(TARGET_NAME)";
				SWIFT_EMIT_LOC_STRINGS = YES;
				SWIFT_VERSION = 5.0;
				TARGETED_DEVICE_FAMILY = "1,2";
			};
			name = Release;
		};
/* End XCBuildConfiguration section */

/* Begin XCConfigurationList section */
		160211932950235900C7C887 /* Build configuration list for PBXProject "MyTwentiethiOS" */ = {
			isa = XCConfigurationList;
			buildConfigurations = (
				160211AA2950235A00C7C887 /* Debug */,
				160211AB2950235A00C7C887 /* Release */,
			);
			defaultConfigurationIsVisible = 0;
			defaultConfigurationName = Release;
		};
		160211AC2950235A00C7C887 /* Build configuration list for PBXNativeTarget "MyTwentiethiOS" */ = {
			isa = XCConfigurationList;
			buildConfigurations = (
				160211AD2950235A00C7C887 /* Debug */,
				160211AE2950235A00C7C887 /* Release */,
			);
			defaultConfigurationIsVisible = 0;
			defaultConfigurationName = Release;
		};
/* End XCConfigurationList section */
	};
	rootObject = 160211902950235900C7C887 /* Project object */;
}
