// !$*UTF8*$!
{
	archiveVersion = 1;
	classes = {
	};
	objectVersion = 56;
	objects = {

/* Begin PBXBuildFile section */
		167BA92A29A3592A00DB3F4E /* AppDelegate.swift in Sources */ = {isa = PBXBuildFile; fileRef = 167BA92929A3592A00DB3F4E /* AppDelegate.swift */; };
		167BA92C29A3592A00DB3F4E /* SceneDelegate.swift in Sources */ = {isa = PBXBuildFile; fileRef = 167BA92B29A3592A00DB3F4E /* SceneDelegate.swift */; };
		167BA92E29A3592A00DB3F4E /* ViewController.swift in Sources */ = {isa = PBXBuildFile; fileRef = 167BA92D29A3592A00DB3F4E /* ViewController.swift */; };
		167BA93129A3592A00DB3F4E /* Main.storyboard in Resources */ = {isa = PBXBuildFile; fileRef = 167BA92F29A3592A00DB3F4E /* Main.storyboard */; };
		167BA93329A3592C00DB3F4E /* Assets.xcassets in Resources */ = {isa = PBXBuildFile; fileRef = 167BA93229A3592C00DB3F4E /* Assets.xcassets */; };
		167BA93629A3592C00DB3F4E /* LaunchScreen.storyboard in Resources */ = {isa = PBXBuildFile; fileRef = 167BA93429A3592C00DB3F4E /* LaunchScreen.storyboard */; };
		16E19E8829A439C80062478B /* index.html in Resources */ = {isa = PBXBuildFile; fileRef = 16E19E8729A439C80062478B /* index.html */; };
		959E579B8040D1B4F07F1555 /* Pods_basicWebview.framework in Frameworks */ = {isa = PBXBuildFile; fileRef = 0112D3F834F80BC36B086A2D /* Pods_basicWebview.framework */; };
/* End PBXBuildFile section */

/* Begin PBXFileReference section */
		0112D3F834F80BC36B086A2D /* Pods_basicWebview.framework */ = {isa = PBXFileReference; explicitFileType = wrapper.framework; includeInIndex = 0; path = Pods_basicWebview.framework; sourceTree = BUILT_PRODUCTS_DIR; };
		167BA92629A3592A00DB3F4E /* basicWebview.app */ = {isa = PBXFileReference; explicitFileType = wrapper.application; includeInIndex = 0; path = basicWebview.app; sourceTree = BUILT_PRODUCTS_DIR; };
		167BA92929A3592A00DB3F4E /* AppDelegate.swift */ = {isa = PBXFileReference; lastKnownFileType = sourcecode.swift; path = AppDelegate.swift; sourceTree = "<group>"; };
		167BA92B29A3592A00DB3F4E /* SceneDelegate.swift */ = {isa = PBXFileReference; lastKnownFileType = sourcecode.swift; path = SceneDelegate.swift; sourceTree = "<group>"; };
		167BA92D29A3592A00DB3F4E /* ViewController.swift */ = {isa = PBXFileReference; lastKnownFileType = sourcecode.swift; path = ViewController.swift; sourceTree = "<group>"; };
		167BA93029A3592A00DB3F4E /* Base */ = {isa = PBXFileReference; lastKnownFileType = file.storyboard; name = Base; path = Base.lproj/Main.storyboard; sourceTree = "<group>"; };
		167BA93229A3592C00DB3F4E /* Assets.xcassets */ = {isa = PBXFileReference; lastKnownFileType = folder.assetcatalog; path = Assets.xcassets; sourceTree = "<group>"; };
		167BA93529A3592C00DB3F4E /* Base */ = {isa = PBXFileReference; lastKnownFileType = file.storyboard; name = Base; path = Base.lproj/LaunchScreen.storyboard; sourceTree = "<group>"; };
		167BA93729A3592C00DB3F4E /* Info.plist */ = {isa = PBXFileReference; lastKnownFileType = text.plist.xml; path = Info.plist; sourceTree = "<group>"; };
		16E19E8729A439C80062478B /* index.html */ = {isa = PBXFileReference; fileEncoding = 4; lastKnownFileType = text.html; path = index.html; sourceTree = SOURCE_ROOT; };
		8D8D8A512C002A2A06BD90CB /* Pods-basicWebview.release.xcconfig */ = {isa = PBXFileReference; includeInIndex = 1; lastKnownFileType = text.xcconfig; name = "Pods-basicWebview.release.xcconfig"; path = "Target Support Files/Pods-basicWebview/Pods-basicWebview.release.xcconfig"; sourceTree = "<group>"; };
		CC2846F144A9A8BC4C427B7D /* Pods-basicWebview.debug.xcconfig */ = {isa = PBXFileReference; includeInIndex = 1; lastKnownFileType = text.xcconfig; name = "Pods-basicWebview.debug.xcconfig"; path = "Target Support Files/Pods-basicWebview/Pods-basicWebview.debug.xcconfig"; sourceTree = "<group>"; };
/* End PBXFileReference section */

/* Begin PBXFrameworksBuildPhase section */
		167BA92329A3592A00DB3F4E /* Frameworks */ = {
			isa = PBXFrameworksBuildPhase;
			buildActionMask = 2147483647;
			files = (
				959E579B8040D1B4F07F1555 /* Pods_basicWebview.framework in Frameworks */,
			);
			runOnlyForDeploymentPostprocessing = 0;
		};
/* End PBXFrameworksBuildPhase section */

/* Begin PBXGroup section */
		167BA91D29A3592A00DB3F4E = {
			isa = PBXGroup;
			children = (
				167BA92829A3592A00DB3F4E /* basicWebview */,
				167BA92729A3592A00DB3F4E /* Products */,
				F10CE21C07D9EAAC9461DD3E /* Pods */,
				33D93C4D851D33027044338C /* Frameworks */,
			);
			sourceTree = "<group>";
		};
		167BA92729A3592A00DB3F4E /* Products */ = {
			isa = PBXGroup;
			children = (
				167BA92629A3592A00DB3F4E /* basicWebview.app */,
			);
			name = Products;
			sourceTree = "<group>";
		};
		167BA92829A3592A00DB3F4E /* basicWebview */ = {
			isa = PBXGroup;
			children = (
				167BA92929A3592A00DB3F4E /* AppDelegate.swift */,
				167BA92B29A3592A00DB3F4E /* SceneDelegate.swift */,
				167BA92D29A3592A00DB3F4E /* ViewController.swift */,
				167BA92F29A3592A00DB3F4E /* Main.storyboard */,
				167BA93229A3592C00DB3F4E /* Assets.xcassets */,
				167BA93429A3592C00DB3F4E /* LaunchScreen.storyboard */,
				16E19E8729A439C80062478B /* index.html */,
				167BA93729A3592C00DB3F4E /* Info.plist */,
			);
			path = basicWebview;
			sourceTree = "<group>";
		};
		33D93C4D851D33027044338C /* Frameworks */ = {
			isa = PBXGroup;
			children = (
				0112D3F834F80BC36B086A2D /* Pods_basicWebview.framework */,
			);
			name = Frameworks;
			sourceTree = "<group>";
		};
		F10CE21C07D9EAAC9461DD3E /* Pods */ = {
			isa = PBXGroup;
			children = (
				CC2846F144A9A8BC4C427B7D /* Pods-basicWebview.debug.xcconfig */,
				8D8D8A512C002A2A06BD90CB /* Pods-basicWebview.release.xcconfig */,
			);
			name = Pods;
			path = Pods;
			sourceTree = "<group>";
		};
/* End PBXGroup section */

/* Begin PBXNativeTarget section */
		167BA92529A3592A00DB3F4E /* basicWebview */ = {
			isa = PBXNativeTarget;
			buildConfigurationList = 167BA93A29A3592C00DB3F4E /* Build configuration list for PBXNativeTarget "basicWebview" */;
			buildPhases = (
				7AFBAD59171367605A1CBCD7 /* [CP] Check Pods Manifest.lock */,
				167BA92229A3592A00DB3F4E /* Sources */,
				167BA92329A3592A00DB3F4E /* Frameworks */,
				167BA92429A3592A00DB3F4E /* Resources */,
				F10478E1289DBB9A7F7DCCDF /* [CP] Embed Pods Frameworks */,
			);
			buildRules = (
			);
			dependencies = (
			);
			name = basicWebview;
			productName = basicWebview;
			productReference = 167BA92629A3592A00DB3F4E /* basicWebview.app */;
			productType = "com.apple.product-type.application";
		};
/* End PBXNativeTarget section */

/* Begin PBXProject section */
		167BA91E29A3592A00DB3F4E /* Project object */ = {
			isa = PBXProject;
			attributes = {
				BuildIndependentTargetsInParallel = 1;
				LastSwiftUpdateCheck = 1420;
				LastUpgradeCheck = 1420;
				TargetAttributes = {
					167BA92529A3592A00DB3F4E = {
						CreatedOnToolsVersion = 14.2;
					};
				};
			};
			buildConfigurationList = 167BA92129A3592A00DB3F4E /* Build configuration list for PBXProject "basicWebview" */;
			compatibilityVersion = "Xcode 14.0";
			developmentRegion = en;
			hasScannedForEncodings = 0;
			knownRegions = (
				en,
				Base,
			);
			mainGroup = 167BA91D29A3592A00DB3F4E;
			productRefGroup = 167BA92729A3592A00DB3F4E /* Products */;
			projectDirPath = "";
			projectRoot = "";
			targets = (
				167BA92529A3592A00DB3F4E /* basicWebview */,
			);
		};
/* End PBXProject section */

/* Begin PBXResourcesBuildPhase section */
		167BA92429A3592A00DB3F4E /* Resources */ = {
			isa = PBXResourcesBuildPhase;
			buildActionMask = 2147483647;
			files = (
				167BA93629A3592C00DB3F4E /* LaunchScreen.storyboard in Resources */,
				16E19E8829A439C80062478B /* index.html in Resources */,
				167BA93329A3592C00DB3F4E /* Assets.xcassets in Resources */,
				167BA93129A3592A00DB3F4E /* Main.storyboard in Resources */,
			);
			runOnlyForDeploymentPostprocessing = 0;
		};
/* End PBXResourcesBuildPhase section */

/* Begin PBXShellScriptBuildPhase section */
		7AFBAD59171367605A1CBCD7 /* [CP] Check Pods Manifest.lock */ = {
			isa = PBXShellScriptBuildPhase;
			buildActionMask = 2147483647;
			files = (
			);
			inputFileListPaths = (
			);
			inputPaths = (
				"${PODS_PODFILE_DIR_PATH}/Podfile.lock",
				"${PODS_ROOT}/Manifest.lock",
			);
			name = "[CP] Check Pods Manifest.lock";
			outputFileListPaths = (
			);
			outputPaths = (
				"$(DERIVED_FILE_DIR)/Pods-basicWebview-checkManifestLockResult.txt",
			);
			runOnlyForDeploymentPostprocessing = 0;
			shellPath = /bin/sh;
			shellScript = "diff \"${PODS_PODFILE_DIR_PATH}/Podfile.lock\" \"${PODS_ROOT}/Manifest.lock\" > /dev/null\nif [ $? != 0 ] ; then\n    # print error to STDERR\n    echo \"error: The sandbox is not in sync with the Podfile.lock. Run 'pod install' or update your CocoaPods installation.\" >&2\n    exit 1\nfi\n# This output is used by Xcode 'outputs' to avoid re-running this script phase.\necho \"SUCCESS\" > \"${SCRIPT_OUTPUT_FILE_0}\"\n";
			showEnvVarsInLog = 0;
		};
		F10478E1289DBB9A7F7DCCDF /* [CP] Embed Pods Frameworks */ = {
			isa = PBXShellScriptBuildPhase;
			buildActionMask = 2147483647;
			files = (
			);
			inputFileListPaths = (
				"${PODS_ROOT}/Target Support Files/Pods-basicWebview/Pods-basicWebview-frameworks-${CONFIGURATION}-input-files.xcfilelist",
			);
			name = "[CP] Embed Pods Frameworks";
			outputFileListPaths = (
				"${PODS_ROOT}/Target Support Files/Pods-basicWebview/Pods-basicWebview-frameworks-${CONFIGURATION}-output-files.xcfilelist",
			);
			runOnlyForDeploymentPostprocessing = 0;
			shellPath = /bin/sh;
			shellScript = "\"${PODS_ROOT}/Target Support Files/Pods-basicWebview/Pods-basicWebview-frameworks.sh\"\n";
			showEnvVarsInLog = 0;
		};
/* End PBXShellScriptBuildPhase section */

/* Begin PBXSourcesBuildPhase section */
		167BA92229A3592A00DB3F4E /* Sources */ = {
			isa = PBXSourcesBuildPhase;
			buildActionMask = 2147483647;
			files = (
				167BA92E29A3592A00DB3F4E /* ViewController.swift in Sources */,
				167BA92A29A3592A00DB3F4E /* AppDelegate.swift in Sources */,
				167BA92C29A3592A00DB3F4E /* SceneDelegate.swift in Sources */,
			);
			runOnlyForDeploymentPostprocessing = 0;
		};
/* End PBXSourcesBuildPhase section */

/* Begin PBXVariantGroup section */
		167BA92F29A3592A00DB3F4E /* Main.storyboard */ = {
			isa = PBXVariantGroup;
			children = (
				167BA93029A3592A00DB3F4E /* Base */,
			);
			name = Main.storyboard;
			sourceTree = "<group>";
		};
		167BA93429A3592C00DB3F4E /* LaunchScreen.storyboard */ = {
			isa = PBXVariantGroup;
			children = (
				167BA93529A3592C00DB3F4E /* Base */,
			);
			name = LaunchScreen.storyboard;
			sourceTree = "<group>";
		};
/* End PBXVariantGroup section */

/* Begin XCBuildConfiguration section */
		167BA93829A3592C00DB3F4E /* Debug */ = {
			isa = XCBuildConfiguration;
			buildSettings = {
				ALWAYS_SEARCH_USER_PATHS = NO;
				CLANG_ANALYZER_NONNULL = YES;
				CLANG_ANALYZER_NUMBER_OBJECT_CONVERSION = YES_AGGRESSIVE;
				CLANG_CXX_LANGUAGE_STANDARD = "gnu++20";
				CLANG_ENABLE_MODULES = YES;
				CLANG_ENABLE_OBJC_ARC = YES;
				CLANG_ENABLE_OBJC_WEAK = YES;
				CLANG_WARN_BLOCK_CAPTURE_AUTORELEASING = YES;
				CLANG_WARN_BOOL_CONVERSION = YES;
				CLANG_WARN_COMMA = YES;
				CLANG_WARN_CONSTANT_CONVERSION = YES;
				CLANG_WARN_DEPRECATED_OBJC_IMPLEMENTATIONS = YES;
				CLANG_WARN_DIRECT_OBJC_ISA_USAGE = YES_ERROR;
				CLANG_WARN_DOCUMENTATION_COMMENTS = YES;
				CLANG_WARN_EMPTY_BODY = YES;
				CLANG_WARN_ENUM_CONVERSION = YES;
				CLANG_WARN_INFINITE_RECURSION = YES;
				CLANG_WARN_INT_CONVERSION = YES;
				CLANG_WARN_NON_LITERAL_NULL_CONVERSION = YES;
				CLANG_WARN_OBJC_IMPLICIT_RETAIN_SELF = YES;
				CLANG_WARN_OBJC_LITERAL_CONVERSION = YES;
				CLANG_WARN_OBJC_ROOT_CLASS = YES_ERROR;
				CLANG_WARN_QUOTED_INCLUDE_IN_FRAMEWORK_HEADER = YES;
				CLANG_WARN_RANGE_LOOP_ANALYSIS = YES;
				CLANG_WARN_STRICT_PROTOTYPES = YES;
				CLANG_WARN_SUSPICIOUS_MOVE = YES;
				CLANG_WARN_UNGUARDED_AVAILABILITY = YES_AGGRESSIVE;
				CLANG_WARN_UNREACHABLE_CODE = YES;
				CLANG_WARN__DUPLICATE_METHOD_MATCH = YES;
				COPY_PHASE_STRIP = NO;
				DEBUG_INFORMATION_FORMAT = dwarf;
				ENABLE_STRICT_OBJC_MSGSEND = YES;
				ENABLE_TESTABILITY = YES;
				GCC_C_LANGUAGE_STANDARD = gnu11;
				GCC_DYNAMIC_NO_PIC = NO;
				GCC_NO_COMMON_BLOCKS = YES;
				GCC_OPTIMIZATION_LEVEL = 0;
				GCC_PREPROCESSOR_DEFINITIONS = (
					"DEBUG=1",
					"$(inherited)",
				);
				GCC_WARN_64_TO_32_BIT_CONVERSION = YES;
				GCC_WARN_ABOUT_RETURN_TYPE = YES_ERROR;
				GCC_WARN_UNDECLARED_SELECTOR = YES;
				GCC_WARN_UNINITIALIZED_AUTOS = YES_AGGRESSIVE;
				GCC_WARN_UNUSED_FUNCTION = YES;
				GCC_WARN_UNUSED_VARIABLE = YES;
				IPHONEOS_DEPLOYMENT_TARGET = 16.2;
				MTL_ENABLE_DEBUG_INFO = INCLUDE_SOURCE;
				MTL_FAST_MATH = YES;
				ONLY_ACTIVE_ARCH = YES;
				SDKROOT = iphoneos;
				SWIFT_ACTIVE_COMPILATION_CONDITIONS = DEBUG;
				SWIFT_OPTIMIZATION_LEVEL = "-Onone";
			};
			name = Debug;
		};
		167BA93929A3592C00DB3F4E /* Release */ = {
			isa = XCBuildConfiguration;
			buildSettings = {
				ALWAYS_SEARCH_USER_PATHS = NO;
				CLANG_ANALYZER_NONNULL = YES;
				CLANG_ANALYZER_NUMBER_OBJECT_CONVERSION = YES_AGGRESSIVE;
				CLANG_CXX_LANGUAGE_STANDARD = "gnu++20";
				CLANG_ENABLE_MODULES = YES;
				CLANG_ENABLE_OBJC_ARC = YES;
				CLANG_ENABLE_OBJC_WEAK = YES;
				CLANG_WARN_BLOCK_CAPTURE_AUTORELEASING = YES;
				CLANG_WARN_BOOL_CONVERSION = YES;
				CLANG_WARN_COMMA = YES;
				CLANG_WARN_CONSTANT_CONVERSION = YES;
				CLANG_WARN_DEPRECATED_OBJC_IMPLEMENTATIONS = YES;
				CLANG_WARN_DIRECT_OBJC_ISA_USAGE = YES_ERROR;
				CLANG_WARN_DOCUMENTATION_COMMENTS = YES;
				CLANG_WARN_EMPTY_BODY = YES;
				CLANG_WARN_ENUM_CONVERSION = YES;
				CLANG_WARN_INFINITE_RECURSION = YES;
				CLANG_WARN_INT_CONVERSION = YES;
				CLANG_WARN_NON_LITERAL_NULL_CONVERSION = YES;
				CLANG_WARN_OBJC_IMPLICIT_RETAIN_SELF = YES;
				CLANG_WARN_OBJC_LITERAL_CONVERSION = YES;
				CLANG_WARN_OBJC_ROOT_CLASS = YES_ERROR;
				CLANG_WARN_QUOTED_INCLUDE_IN_FRAMEWORK_HEADER = YES;
				CLANG_WARN_RANGE_LOOP_ANALYSIS = YES;
				CLANG_WARN_STRICT_PROTOTYPES = YES;
				CLANG_WARN_SUSPICIOUS_MOVE = YES;
				CLANG_WARN_UNGUARDED_AVAILABILITY = YES_AGGRESSIVE;
				CLANG_WARN_UNREACHABLE_CODE = YES;
				CLANG_WARN__DUPLICATE_METHOD_MATCH = YES;
				COPY_PHASE_STRIP = NO;
				DEBUG_INFORMATION_FORMAT = "dwarf-with-dsym";
				ENABLE_NS_ASSERTIONS = NO;
				ENABLE_STRICT_OBJC_MSGSEND = YES;
				GCC_C_LANGUAGE_STANDARD = gnu11;
				GCC_NO_COMMON_BLOCKS = YES;
				GCC_WARN_64_TO_32_BIT_CONVERSION = YES;
				GCC_WARN_ABOUT_RETURN_TYPE = YES_ERROR;
				GCC_WARN_UNDECLARED_SELECTOR = YES;
				GCC_WARN_UNINITIALIZED_AUTOS = YES_AGGRESSIVE;
				GCC_WARN_UNUSED_FUNCTION = YES;
				GCC_WARN_UNUSED_VARIABLE = YES;
				IPHONEOS_DEPLOYMENT_TARGET = 16.2;
				MTL_ENABLE_DEBUG_INFO = NO;
				MTL_FAST_MATH = YES;
				SDKROOT = iphoneos;
				SWIFT_COMPILATION_MODE = wholemodule;
				SWIFT_OPTIMIZATION_LEVEL = "-O";
				VALIDATE_PRODUCT = YES;
			};
			name = Release;
		};
		167BA93B29A3592C00DB3F4E /* Debug */ = {
			isa = XCBuildConfiguration;
			baseConfigurationReference = CC2846F144A9A8BC4C427B7D /* Pods-basicWebview.debug.xcconfig */;
			buildSettings = {
				ASSETCATALOG_COMPILER_APPICON_NAME = AppIcon;
				ASSETCATALOG_COMPILER_GLOBAL_ACCENT_COLOR_NAME = AccentColor;
				CODE_SIGN_STYLE = Automatic;
				CURRENT_PROJECT_VERSION = 1;
				DEVELOPMENT_TEAM = PG5FKL2L77;
				GENERATE_INFOPLIST_FILE = YES;
				INFOPLIST_FILE = basicWebview/Info.plist;
				INFOPLIST_KEY_UIApplicationSupportsIndirectInputEvents = YES;
				INFOPLIST_KEY_UILaunchStoryboardName = LaunchScreen;
				INFOPLIST_KEY_UIMainStoryboardFile = Main;
				INFOPLIST_KEY_UISupportedInterfaceOrientations_iPad = "UIInterfaceOrientationPortrait UIInterfaceOrientationPortraitUpsideDown UIInterfaceOrientationLandscapeLeft UIInterfaceOrientationLandscapeRight";
				INFOPLIST_KEY_UISupportedInterfaceOrientations_iPhone = "UIInterfaceOrientationPortrait UIInterfaceOrientationLandscapeLeft UIInterfaceOrientationLandscapeRight";
				LD_RUNPATH_SEARCH_PATHS = (
					"$(inherited)",
					"@executable_path/Frameworks",
				);
				MARKETING_VERSION = 1.0;
				PRODUCT_BUNDLE_IDENTIFIER = com.hirorich.basicWebview;
				PRODUCT_NAME = "$(TARGET_NAME)";
				SWIFT_EMIT_LOC_STRINGS = YES;
				SWIFT_VERSION = 5.0;
				TARGETED_DEVICE_FAMILY = "1,2";
			};
			name = Debug;
		};
		167BA93C29A3592C00DB3F4E /* Release */ = {
			isa = XCBuildConfiguration;
			baseConfigurationReference = 8D8D8A512C002A2A06BD90CB /* Pods-basicWebview.release.xcconfig */;
			buildSettings = {
				ASSETCATALOG_COMPILER_APPICON_NAME = AppIcon;
				ASSETCATALOG_COMPILER_GLOBAL_ACCENT_COLOR_NAME = AccentColor;
				CODE_SIGN_STYLE = Automatic;
				CURRENT_PROJECT_VERSION = 1;
				DEVELOPMENT_TEAM = PG5FKL2L77;
				GENERATE_INFOPLIST_FILE = YES;
				INFOPLIST_FILE = basicWebview/Info.plist;
				INFOPLIST_KEY_UIApplicationSupportsIndirectInputEvents = YES;
				INFOPLIST_KEY_UILaunchStoryboardName = LaunchScreen;
				INFOPLIST_KEY_UIMainStoryboardFile = Main;
				INFOPLIST_KEY_UISupportedInterfaceOrientations_iPad = "UIInterfaceOrientationPortrait UIInterfaceOrientationPortraitUpsideDown UIInterfaceOrientationLandscapeLeft UIInterfaceOrientationLandscapeRight";
				INFOPLIST_KEY_UISupportedInterfaceOrientations_iPhone = "UIInterfaceOrientationPortrait UIInterfaceOrientationLandscapeLeft UIInterfaceOrientationLandscapeRight";
				LD_RUNPATH_SEARCH_PATHS = (
					"$(inherited)",
					"@executable_path/Frameworks",
				);
				MARKETING_VERSION = 1.0;
				PRODUCT_BUNDLE_IDENTIFIER = com.hirorich.basicWebview;
				PRODUCT_NAME = "$(TARGET_NAME)";
				SWIFT_EMIT_LOC_STRINGS = YES;
				SWIFT_VERSION = 5.0;
				TARGETED_DEVICE_FAMILY = "1,2";
			};
			name = Release;
		};
/* End XCBuildConfiguration section */

/* Begin XCConfigurationList section */
		167BA92129A3592A00DB3F4E /* Build configuration list for PBXProject "basicWebview" */ = {
			isa = XCConfigurationList;
			buildConfigurations = (
				167BA93829A3592C00DB3F4E /* Debug */,
				167BA93929A3592C00DB3F4E /* Release */,
			);
			defaultConfigurationIsVisible = 0;
			defaultConfigurationName = Release;
		};
		167BA93A29A3592C00DB3F4E /* Build configuration list for PBXNativeTarget "basicWebview" */ = {
			isa = XCConfigurationList;
			buildConfigurations = (
				167BA93B29A3592C00DB3F4E /* Debug */,
				167BA93C29A3592C00DB3F4E /* Release */,
			);
			defaultConfigurationIsVisible = 0;
			defaultConfigurationName = Release;
		};
/* End XCConfigurationList section */
	};
	rootObject = 167BA91E29A3592A00DB3F4E /* Project object */;
}
